{
  "nodes": {
    "disko": {
      "inputs": {
        "nixpkgs": [
          "nixpkgs"
        ]
      },
      "locked": {
        "lastModified": 1675681338,
        "narHash": "sha256-2SfDKXIL0MDLKmg2DbErdnAoxxfhsQyjHehxygZjYmQ=",
        "owner": "nazarewk",
        "repo": "disko",
        "rev": "aefd420c4fe9cd89f87b9b8e48da0b9d33782f93",
        "type": "github"
      },
      "original": {
        "owner": "nazarewk",
        "ref": "fixes",
        "repo": "disko",
        "type": "github"
      }
    },
    "fenix": {
      "inputs": {
        "nixpkgs": [
          "microvm",
          "nixpkgs"
        ],
        "rust-analyzer-src": "rust-analyzer-src"
      },
      "locked": {
        "lastModified": 1677219923,
        "narHash": "sha256-gvNqjERVoc7f9NSBqZCA5RqAX3HjJA+KOhjN0jNaXw0=",
        "owner": "nix-community",
        "repo": "fenix",
        "rev": "20d2fcd01df0c3db0429112ab3d911ee0bc3a3b5",
        "type": "github"
      },
      "original": {
        "owner": "nix-community",
        "repo": "fenix",
        "type": "github"
      }
    },
    "flake-compat": {
      "flake": false,
      "locked": {
        "lastModified": 1673956053,
        "narHash": "sha256-4gtG9iQuiKITOjNQQeQIpoIB6b16fm+504Ch3sNKLd8=",
        "owner": "edolstra",
        "repo": "flake-compat",
        "rev": "35bb57c0c8d8b62bbfd284272c928ceb64ddbde9",
        "type": "github"
      },
      "original": {
        "owner": "edolstra",
        "repo": "flake-compat",
        "type": "github"
      }
    },
    "flake-parts": {
      "inputs": {
        "nixpkgs-lib": [
          "nixpkgs-lib"
        ]
      },
      "locked": {
        "lastModified": 1678379998,
        "narHash": "sha256-TZdfNqftHhDuIFwBcN9MUThx5sQXCTeZk9je5byPKRw=",
        "owner": "hercules-ci",
        "repo": "flake-parts",
        "rev": "c13d60b89adea3dc20704c045ec4d50dd964d447",
        "type": "github"
      },
      "original": {
        "owner": "hercules-ci",
        "repo": "flake-parts",
        "type": "github"
      }
    },
    "flake-utils": {
      "locked": {
        "lastModified": 1676283394,
        "narHash": "sha256-XX2f9c3iySLCw54rJ/CZs+ZK6IQy7GXNY4nSOyu2QG4=",
        "owner": "numtide",
        "repo": "flake-utils",
        "rev": "3db36a8b464d0c4532ba1c7dda728f4576d6d073",
        "type": "github"
      },
      "original": {
        "owner": "numtide",
        "repo": "flake-utils",
        "type": "github"
      }
    },
    "home-manager": {
      "inputs": {
        "nixpkgs": [
          "nixpkgs"
        ],
        "utils": [
          "flake-utils"
        ]
      },
      "locked": {
        "lastModified": 1678831854,
        "narHash": "sha256-7HBmLFNVD2KjovSzypIN9NfyzpWelMe8sNbUVZIRsS0=",
        "owner": "nix-community",
        "repo": "home-manager",
        "rev": "cae54dc45c0d61c99c1dc8b04bc42f36c76f9771",
        "type": "github"
      },
      "original": {
        "owner": "nix-community",
        "repo": "home-manager",
        "type": "github"
      }
    },
    "lib-aggregate": {
      "inputs": {
        "flake-utils": [
          "flake-utils"
        ],
        "nixpkgs-lib": [
          "nixpkgs-lib"
        ]
      },
      "locked": {
        "lastModified": 1678622938,
        "narHash": "sha256-w46ngc0Exfa37GTY5sQiRofOSsFQVbSYGcq+Of63T0A=",
        "owner": "nix-community",
        "repo": "lib-aggregate",
        "rev": "293e9a4e4addcae085c56469c12cfee5bdaa17cf",
        "type": "github"
      },
      "original": {
        "owner": "nix-community",
        "repo": "lib-aggregate",
        "type": "github"
      }
    },
    "microvm": {
      "inputs": {
        "fenix": "fenix",
        "flake-utils": [
          "flake-utils"
        ],
        "nixpkgs": [
          "nixpkgs"
        ]
      },
      "locked": {
        "lastModified": 1678629299,
        "narHash": "sha256-29SSjmIxeuwXgKWynNoAEJ3uKFlXP0iIvSLDtGPdA+Y=",
        "owner": "astro",
        "repo": "microvm.nix",
        "rev": "55667b89c0f2b60c8d95a203f3784d2dca2ea31a",
        "type": "github"
      },
      "original": {
        "owner": "astro",
        "repo": "microvm.nix",
        "type": "github"
      }
    },
    "nix-eval-jobs": {
      "inputs": {
        "flake-parts": [
          "flake-parts"
        ],
        "nixpkgs": [
          "nixpkgs"
        ]
      },
      "locked": {
        "lastModified": 1678670528,
        "narHash": "sha256-efyTqERGI5Nm0CSFd1EvWIZADhBaE1GEKq4do1+0EAg=",
        "owner": "nix-community",
        "repo": "nix-eval-jobs",
        "rev": "4477932be8445c73202f68be30721440df3a6110",
        "type": "github"
      },
      "original": {
        "owner": "nix-community",
        "repo": "nix-eval-jobs",
        "type": "github"
      }
    },
    "nixinate": {
      "inputs": {
        "nixpkgs": [
          "nixpkgs"
        ]
      },
      "locked": {
        "lastModified": 1671116920,
        "narHash": "sha256-QmDGsUUmAGn77UTR7eQJmebl8f3IIUCtmbbAdJqKA3s=",
        "owner": "matthewcroughan",
        "repo": "nixinate",
        "rev": "b4d17b8e2a4abc47e93e1a1c466e0286a63640d8",
        "type": "github"
      },
      "original": {
        "owner": "matthewcroughan",
        "repo": "nixinate",
        "type": "github"
      }
    },
    "nixos-2211": {
      "locked": {
        "lastModified": 1678639187,
        "narHash": "sha256-tqeI8PskrwB3Yeu9MA/ozpWXCkjEyIvHE+9VL/iAYok=",
        "owner": "NixOS",
        "repo": "nixpkgs",
        "rev": "14d9b465c71fc58431ee8e3f5c9340b0b634ec4a",
        "type": "github"
      },
      "original": {
        "owner": "NixOS",
        "ref": "release-22.11",
        "repo": "nixpkgs",
        "type": "github"
      }
    },
    "nixos-anywhere": {
      "inputs": {
        "disko": [
          "disko"
        ],
        "flake-parts": [
          "flake-parts"
        ],
        "nixos-images": [
          "nixos-images"
        ],
        "nixpkgs": [
          "nixpkgs"
        ],
        "treefmt-nix": [
          "treefmt-nix"
        ]
      },
      "locked": {
        "lastModified": 1678013089,
        "narHash": "sha256-s6E3KD7WwxCsmh/GOehuDzr92lvWcPhs872NJNlc4iQ=",
        "owner": "numtide",
        "repo": "nixos-anywhere",
        "rev": "ad954defb349dea337ae322f14cfc6b4fb3a9117",
        "type": "github"
      },
      "original": {
        "owner": "numtide",
        "repo": "nixos-anywhere",
        "type": "github"
      }
    },
    "nixos-generators": {
      "inputs": {
        "nixlib": [
          "nixpkgs-lib"
        ],
        "nixpkgs": [
          "nixpkgs"
        ]
      },
      "locked": {
        "lastModified": 1678351966,
        "narHash": "sha256-tRFEU0lu3imZb3dtELBY+UbEhWXbb0xlBrsIlpICb+A=",
        "owner": "nix-community",
        "repo": "nixos-generators",
        "rev": "0c043999b16caba6fb571af2d228775729829943",
        "type": "github"
      },
      "original": {
        "owner": "nix-community",
        "repo": "nixos-generators",
        "type": "github"
      }
    },
    "nixos-images": {
      "inputs": {
        "nixos-2211": "nixos-2211",
        "nixos-unstable": [
          "nixpkgs"
        ]
      },
      "locked": {
        "lastModified": 1678710507,
        "narHash": "sha256-D4onNtcY97y5LYoKFLaKBTO8m5KyQGbHgtoRM7MZoOI=",
        "owner": "nix-community",
        "repo": "nixos-images",
        "rev": "3369880158bad3d99bdc75aaa4f6fdbe6dd75d99",
        "type": "github"
      },
      "original": {
        "owner": "nix-community",
        "repo": "nixos-images",
        "type": "github"
      }
    },
    "nixpkgs": {
      "locked": {
        "lastModified": 1678654296,
        "narHash": "sha256-aVfw3ThpY7vkUeF1rFy10NAkpKDS2imj3IakrzT0Occ=",
        "owner": "nixos",
        "repo": "nixpkgs",
        "rev": "5a1dc8acd977ff3dccd1328b7c4a6995429a656b",
        "type": "github"
      },
      "original": {
        "owner": "nixos",
        "ref": "nixos-unstable",
        "repo": "nixpkgs",
        "type": "github"
      }
    },
    "nixpkgs-lib": {
      "locked": {
        "dir": "lib",
        "lastModified": 1678654296,
        "narHash": "sha256-aVfw3ThpY7vkUeF1rFy10NAkpKDS2imj3IakrzT0Occ=",
        "owner": "NixOS",
        "repo": "nixpkgs",
        "rev": "5a1dc8acd977ff3dccd1328b7c4a6995429a656b",
        "type": "github"
      },
      "original": {
        "dir": "lib",
        "owner": "NixOS",
        "ref": "nixos-unstable",
        "repo": "nixpkgs",
        "type": "github"
      }
    },
    "nixpkgs-wayland": {
      "inputs": {
        "flake-compat": [
          "flake-compat"
        ],
        "lib-aggregate": [
          "lib-aggregate"
        ],
        "nix-eval-jobs": [
          "nix-eval-jobs"
        ],
        "nixpkgs": [
          "nixpkgs"
        ]
      },
      "locked": {
        "lastModified": 1678871671,
        "narHash": "sha256-jirhsCgsIIs6QHV9nxpr75ZbD1XCOhgOQheAxhLxJm0=",
        "owner": "nix-community",
        "repo": "nixpkgs-wayland",
        "rev": "ac76ccd7904cf090fc8204cb06500cdab49673f1",
        "type": "github"
      },
      "original": {
        "owner": "nix-community",
        "repo": "nixpkgs-wayland",
        "type": "github"
      }
    },
    "poetry2nix": {
      "inputs": {
        "flake-utils": [
          "flake-utils"
        ],
        "nixpkgs": [
          "nixpkgs"
        ]
      },
      "locked": {
        "lastModified": 1678851068,
        "narHash": "sha256-xiBA1KshEXeu9OzGIoqYFf/OfGp17YvQPRXks6jMkts=",
        "owner": "nix-community",
        "repo": "poetry2nix",
        "rev": "9ce22528035da8f36ea579559b32a37d38668425",
        "type": "github"
      },
      "original": {
        "owner": "nix-community",
        "repo": "poetry2nix",
        "type": "github"
      }
    },
    "root": {
      "inputs": {
        "disko": "disko",
        "flake-compat": "flake-compat",
        "flake-parts": "flake-parts",
        "flake-utils": "flake-utils",
        "home-manager": "home-manager",
        "lib-aggregate": "lib-aggregate",
        "microvm": "microvm",
        "nix-eval-jobs": "nix-eval-jobs",
        "nixinate": "nixinate",
        "nixos-anywhere": "nixos-anywhere",
        "nixos-generators": "nixos-generators",
        "nixos-images": "nixos-images",
        "nixpkgs": "nixpkgs",
        "nixpkgs-lib": "nixpkgs-lib",
        "nixpkgs-wayland": "nixpkgs-wayland",
        "poetry2nix": "poetry2nix",
        "treefmt-nix": "treefmt-nix"
      }
    },
    "rust-analyzer-src": {
      "flake": false,
      "locked": {
        "lastModified": 1676976502,
        "narHash": "sha256-D0l5hvE4IFUqspKeorawIlLQRMKqCkMAhZ58KjDXJl8=",
        "owner": "rust-lang",
        "repo": "rust-analyzer",
        "rev": "27239fbb58a115915ffc1ce65ededc951eb00fd2",
        "type": "github"
      },
      "original": {
        "owner": "rust-lang",
        "ref": "nightly",
        "repo": "rust-analyzer",
        "type": "github"
      }
    },
    "treefmt-nix": {
      "inputs": {
        "nixpkgs": [
          "nixpkgs"
        ]
      },
      "locked": {
        "lastModified": 1678616506,
        "narHash": "sha256-JBlOlpPj7VtzFTApEHioFl8YSVhyT0dMgymV8t7sW1g=",
        "owner": "numtide",
        "repo": "treefmt-nix",
        "rev": "5ec73d38dde4c766a9ae19840fc6afa724096f00",
        "type": "github"
      },
      "original": {
        "owner": "numtide",
        "repo": "treefmt-nix",
        "type": "github"
      }
    }
  },
  "root": "root",
  "version": 7
}
