{
  "nodes": {
    "angrr": {
      "inputs": {
        "flake-compat": "flake-compat",
        "flake-parts": "flake-parts",
        "nix-darwin": "nix-darwin",
        "nixpkgs": "nixpkgs",
        "treefmt-nix": "treefmt-nix"
      },
      "locked": {
        "lastModified": 1770395915,
        "narHash": "sha256-TEZVaPse17RzzdPtPyzDheFLgoXOAw89AdADDB5hnLU=",
        "owner": "linyinfeng",
        "repo": "angrr",
        "rev": "efe8e391524bceda8820ad0e5607688eda4f3fc6",
        "type": "github"
      },
      "original": {
        "owner": "linyinfeng",
        "repo": "angrr",
        "type": "github"
      }
    },
    "argon40-nix": {
      "inputs": {
        "flake-utils": [
          "flake-utils"
        ],
        "nixpkgs": [
          "nixpkgs"
        ]
      },
      "locked": {
        "lastModified": 1760467184,
        "narHash": "sha256-e/2IXeiwf2PiqBuYW82oP/mJlQ4qTCtX9OD0Oig04Wc=",
        "owner": "guusvanmeerveld",
        "repo": "argon40-nix",
        "rev": "3d2817c890fb81b6f05b83b18d5ef508d1e4d5d5",
        "type": "github"
      },
      "original": {
        "owner": "guusvanmeerveld",
        "repo": "argon40-nix",
        "type": "github"
      }
    },
    "base16": {
      "inputs": {
        "fromYaml": "fromYaml"
      },
      "locked": {
        "lastModified": 1755819240,
        "narHash": "sha256-qcMhnL7aGAuFuutH4rq9fvAhCpJWVHLcHVZLtPctPlo=",
        "owner": "SenchoPens",
        "repo": "base16.nix",
        "rev": "75ed5e5e3fce37df22e49125181fa37899c3ccd6",
        "type": "github"
      },
      "original": {
        "owner": "SenchoPens",
        "repo": "base16.nix",
        "type": "github"
      }
    },
    "base16-fish": {
      "flake": false,
      "locked": {
        "lastModified": 1765809053,
        "narHash": "sha256-XCUQLoLfBJ8saWms2HCIj4NEN+xNsWBlU1NrEPcQG4s=",
        "owner": "tomyun",
        "repo": "base16-fish",
        "rev": "86cbea4dca62e08fb7fd83a70e96472f92574782",
        "type": "github"
      },
      "original": {
        "owner": "tomyun",
        "repo": "base16-fish",
        "rev": "86cbea4dca62e08fb7fd83a70e96472f92574782",
        "type": "github"
      }
    },
    "base16-helix": {
      "flake": false,
      "locked": {
        "lastModified": 1760703920,
        "narHash": "sha256-m82fGUYns4uHd+ZTdoLX2vlHikzwzdu2s2rYM2bNwzw=",
        "owner": "tinted-theming",
        "repo": "base16-helix",
        "rev": "d646af9b7d14bff08824538164af99d0c521b185",
        "type": "github"
      },
      "original": {
        "owner": "tinted-theming",
        "repo": "base16-helix",
        "type": "github"
      }
    },
    "base16-vim": {
      "flake": false,
      "locked": {
        "lastModified": 1732806396,
        "narHash": "sha256-e0bpPySdJf0F68Ndanwm+KWHgQiZ0s7liLhvJSWDNsA=",
        "owner": "tinted-theming",
        "repo": "base16-vim",
        "rev": "577fe8125d74ff456cf942c733a85d769afe58b7",
        "type": "github"
      },
      "original": {
        "owner": "tinted-theming",
        "repo": "base16-vim",
        "rev": "577fe8125d74ff456cf942c733a85d769afe58b7",
        "type": "github"
      }
    },
    "base16_2": {
      "inputs": {
        "fromYaml": "fromYaml_2"
      },
      "locked": {
        "lastModified": 1755819240,
        "narHash": "sha256-qcMhnL7aGAuFuutH4rq9fvAhCpJWVHLcHVZLtPctPlo=",
        "owner": "SenchoPens",
        "repo": "base16.nix",
        "rev": "75ed5e5e3fce37df22e49125181fa37899c3ccd6",
        "type": "github"
      },
      "original": {
        "owner": "SenchoPens",
        "repo": "base16.nix",
        "type": "github"
      }
    },
    "brew": {
      "flake": false,
      "locked": {
        "lastModified": 1736767951,
        "narHash": "sha256-UHqNIsEBCF4FkL6swpcYnNvV5p+yOn1Q6yePwN70s5c=",
        "owner": "Homebrew",
        "repo": "brew",
        "rev": "4c9de7d31c6d9e67c4496c3c156e84c3649fec4c",
        "type": "github"
      },
      "original": {
        "owner": "Homebrew",
        "ref": "4.4.16",
        "repo": "brew",
        "type": "github"
      }
    },
    "brew-api": {
      "flake": false,
      "locked": {
        "lastModified": 1770898399,
        "narHash": "sha256-A6JGe/wsO3jk/WP5778PISV/chItxa1/OCXz9bJ5StQ=",
        "owner": "BatteredBunny",
        "repo": "brew-api",
        "rev": "dd061712f4c59858ce1ee8f356fcccdbb2fa3ef0",
        "type": "github"
      },
      "original": {
        "owner": "BatteredBunny",
        "repo": "brew-api",
        "type": "github"
      }
    },
    "brew-nix": {
      "inputs": {
        "brew-api": [
          "brew-api"
        ],
        "nix-darwin": [
          "nix-darwin"
        ],
        "nixpkgs": [
          "nixpkgs"
        ]
      },
      "locked": {
        "lastModified": 1764779851,
        "narHash": "sha256-7WrgeIYBEuFG7DZtS8dio0y9nvRHf3otk7oqsPIoECs=",
        "owner": "BatteredBunny",
        "repo": "brew-nix",
        "rev": "b314426c17667bcebd73ed7e57ecae2bac9755cf",
        "type": "github"
      },
      "original": {
        "owner": "BatteredBunny",
        "repo": "brew-nix",
        "type": "github"
      }
    },
    "brew-src": {
      "flake": false,
      "locked": {
        "lastModified": 1769363988,
        "narHash": "sha256-BiGPeulrDVetXP+tjxhMcGLUROZAtZIhU5m4MqawCfM=",
        "owner": "Homebrew",
        "repo": "brew",
        "rev": "d01011cac6d72032c75fd2cd9489909e95d9faf2",
        "type": "github"
      },
      "original": {
        "owner": "Homebrew",
        "ref": "5.0.12",
        "repo": "brew",
        "type": "github"
      }
    },
    "brew-tap--homebrew--bundle": {
      "flake": false,
      "locked": {
        "lastModified": 1745335228,
        "narHash": "sha256-TIKR2UgtyUmHLNZp255/vLs+1I10hXe+sciMEbAGFwE=",
        "owner": "homebrew",
        "repo": "homebrew-bundle",
        "rev": "a3265c84b232e13048ecbf6fc18a2eedfadbeb08",
        "type": "github"
      },
      "original": {
        "owner": "homebrew",
        "repo": "homebrew-bundle",
        "type": "github"
      }
    },
    "brew-tap--homebrew--cask": {
      "flake": false,
      "locked": {
        "lastModified": 1770901048,
        "narHash": "sha256-A2gZcGgBUCBsIYbNUpEx6EerbEbIXEaUagNKsEBUiF0=",
        "owner": "homebrew",
        "repo": "homebrew-cask",
        "rev": "fb0adee9af5f6f615e7c90ba296c11d19d2f342e",
        "type": "github"
      },
      "original": {
        "owner": "homebrew",
        "repo": "homebrew-cask",
        "type": "github"
      }
    },
    "brew-tap--homebrew--core": {
      "flake": false,
      "locked": {
        "lastModified": 1770900156,
        "narHash": "sha256-aXXqNOV8tgG1gnQWay04Mx9AzpDlsu90db0TGSRhOAQ=",
        "owner": "homebrew",
        "repo": "homebrew-core",
        "rev": "64182be832e9e3acf264a28b3ac66d9e41a4829f",
        "type": "github"
      },
      "original": {
        "owner": "homebrew",
        "repo": "homebrew-core",
        "type": "github"
      }
    },
    "colmena": {
      "inputs": {
        "flake-compat": [
          "flake-compat"
        ],
        "flake-utils": [
          "flake-utils"
        ],
        "nix-github-actions": "nix-github-actions",
        "nixpkgs": [
          "nixpkgs"
        ],
        "stable": [
          "nixpkgs-stable"
        ]
      },
      "locked": {
        "lastModified": 1762034856,
        "narHash": "sha256-QVey3iP3UEoiFVXgypyjTvCrsIlA4ecx6Acaz5C8/PQ=",
        "owner": "zhaofengli",
        "repo": "colmena",
        "rev": "349b035a5027f23d88eeb3bc41085d7ee29f18ed",
        "type": "github"
      },
      "original": {
        "owner": "zhaofengli",
        "repo": "colmena",
        "type": "github"
      }
    },
    "crane": {
      "locked": {
        "lastModified": 1770419512,
        "narHash": "sha256-o8Vcdz6B6bkiGUYkZqFwH3Pv1JwZyXht3dMtS7RchIo=",
        "owner": "ipetkov",
        "repo": "crane",
        "rev": "2510f2cbc3ccd237f700bb213756a8f35c32d8d7",
        "type": "github"
      },
      "original": {
        "owner": "ipetkov",
        "repo": "crane",
        "type": "github"
      }
    },
    "disko": {
      "inputs": {
        "nixpkgs": [
          "nixpkgs"
        ]
      },
      "locked": {
        "lastModified": 1769524058,
        "narHash": "sha256-zygdD6X1PcVNR2PsyK4ptzrVEiAdbMqLos7utrMDEWE=",
        "owner": "nix-community",
        "repo": "disko",
        "rev": "71a3fc97d80881e91710fe721f1158d3b96ae14d",
        "type": "github"
      },
      "original": {
        "owner": "nix-community",
        "repo": "disko",
        "type": "github"
      }
    },
    "disko-zfs": {
      "inputs": {
        "disko": [
          "disko"
        ],
        "flake-parts": [
          "flake-parts"
        ],
        "nixpkgs": [
          "nixpkgs"
        ]
      },
      "locked": {
        "lastModified": 1770321885,
        "narHash": "sha256-vstPxkv5z3CINTcgOUE6GLeoDkoUkNSzJRNRTPnxPXo=",
        "owner": "numtide",
        "repo": "disko-zfs",
        "rev": "0b19393c25f2abc91b08a492f2650aadc34b91eb",
        "type": "github"
      },
      "original": {
        "owner": "numtide",
        "repo": "disko-zfs",
        "type": "github"
      }
    },
    "easykubenix": {
      "flake": false,
      "locked": {
        "lastModified": 1768833943,
        "narHash": "sha256-0JBmUnbMrDAo02kiW8F3zXz2yBquLdOK1RZE8sCYnQc=",
        "owner": "Lillecarl",
        "repo": "easykubenix",
        "rev": "1cd24badac999c1487ed994464bdaeceed62bc52",
        "type": "github"
      },
      "original": {
        "owner": "Lillecarl",
        "repo": "easykubenix",
        "type": "github"
      }
    },
    "empty": {
      "locked": {
        "lastModified": 1708697125,
        "narHash": "sha256-JeMK8G1oabQTSpqXhYaYtPRak4m6z1xxyRKf8CvHy14=",
        "owner": "nix-systems",
        "repo": "empty",
        "rev": "23d743284b73ae69caf0cb7874edf05c0c631a1f",
        "type": "github"
      },
      "original": {
        "owner": "nix-systems",
        "repo": "empty",
        "type": "github"
      }
    },
    "firefox-gnome-theme": {
      "flake": false,
      "locked": {
        "lastModified": 1764873433,
        "narHash": "sha256-1XPewtGMi+9wN9Ispoluxunw/RwozuTRVuuQOmxzt+A=",
        "owner": "rafaelmardojai",
        "repo": "firefox-gnome-theme",
        "rev": "f7ffd917ac0d253dbd6a3bf3da06888f57c69f92",
        "type": "github"
      },
      "original": {
        "owner": "rafaelmardojai",
        "repo": "firefox-gnome-theme",
        "type": "github"
      }
    },
    "flake-compat": {
      "flake": false,
      "locked": {
        "lastModified": 1767039857,
        "narHash": "sha256-vNpUSpF5Nuw8xvDLj2KCwwksIbjua2LZCqhV1LNRDns=",
        "owner": "edolstra",
        "repo": "flake-compat",
        "rev": "5edf11c44bc78a0d334f6334cdaf7d60d732daab",
        "type": "github"
      },
      "original": {
        "owner": "edolstra",
        "repo": "flake-compat",
        "type": "github"
      }
    },
    "flake-compat_2": {
      "locked": {
        "lastModified": 1767039857,
        "narHash": "sha256-vNpUSpF5Nuw8xvDLj2KCwwksIbjua2LZCqhV1LNRDns=",
        "owner": "edolstra",
        "repo": "flake-compat",
        "rev": "5edf11c44bc78a0d334f6334cdaf7d60d732daab",
        "type": "github"
      },
      "original": {
        "owner": "edolstra",
        "repo": "flake-compat",
        "type": "github"
      }
    },
    "flake-parts": {
      "inputs": {
        "nixpkgs-lib": [
          "angrr",
          "nixpkgs"
        ]
      },
      "locked": {
        "lastModified": 1769996383,
        "narHash": "sha256-AnYjnFWgS49RlqX7LrC4uA+sCCDBj0Ry/WOJ5XWAsa0=",
        "owner": "hercules-ci",
        "repo": "flake-parts",
        "rev": "57928607ea566b5db3ad13af0e57e921e6b12381",
        "type": "github"
      },
      "original": {
        "owner": "hercules-ci",
        "repo": "flake-parts",
        "type": "github"
      }
    },
    "flake-parts_2": {
      "inputs": {
        "nixpkgs-lib": [
          "nixpkgs-lib"
        ]
      },
      "locked": {
        "lastModified": 1769996383,
        "narHash": "sha256-AnYjnFWgS49RlqX7LrC4uA+sCCDBj0Ry/WOJ5XWAsa0=",
        "owner": "hercules-ci",
        "repo": "flake-parts",
        "rev": "57928607ea566b5db3ad13af0e57e921e6b12381",
        "type": "github"
      },
      "original": {
        "owner": "hercules-ci",
        "repo": "flake-parts",
        "type": "github"
      }
    },
    "flake-parts_3": {
      "inputs": {
        "nixpkgs-lib": [
          "nur",
          "nixpkgs"
        ]
      },
      "locked": {
        "lastModified": 1733312601,
        "narHash": "sha256-4pDvzqnegAfRkPwO3wmwBhVi/Sye1mzps0zHWYnP88c=",
        "owner": "hercules-ci",
        "repo": "flake-parts",
        "rev": "205b12d8b7cd4802fbcb8e8ef6a0f1408781a4f9",
        "type": "github"
      },
      "original": {
        "owner": "hercules-ci",
        "repo": "flake-parts",
        "type": "github"
      }
    },
    "flake-utils": {
      "inputs": {
        "systems": "systems"
      },
      "locked": {
        "lastModified": 1731533236,
        "narHash": "sha256-l0KFg5HjrsfsO/JpG+r7fRrqm12kzFHyUHqHCVpMMbI=",
        "owner": "numtide",
        "repo": "flake-utils",
        "rev": "11707dc2f618dd54ca8739b309ec4fc024de578b",
        "type": "github"
      },
      "original": {
        "owner": "numtide",
        "repo": "flake-utils",
        "type": "github"
      }
    },
    "freetype2": {
      "flake": false,
      "locked": {
        "lastModified": 1723459814,
        "narHash": "sha256-4l90lDtpgm5xlh2m7ifrqNy373DTRTULRkAzicrM93c=",
        "owner": "freetype",
        "repo": "freetype",
        "rev": "42608f77f20749dd6ddc9e0536788eaad70ea4b5",
        "type": "github"
      },
      "original": {
        "owner": "freetype",
        "ref": "VER-2-13-3",
        "repo": "freetype",
        "type": "github"
      }
    },
    "fromYaml": {
      "flake": false,
      "locked": {
        "lastModified": 1731966426,
        "narHash": "sha256-lq95WydhbUTWig/JpqiB7oViTcHFP8Lv41IGtayokA8=",
        "owner": "SenchoPens",
        "repo": "fromYaml",
        "rev": "106af9e2f715e2d828df706c386a685698f3223b",
        "type": "github"
      },
      "original": {
        "owner": "SenchoPens",
        "repo": "fromYaml",
        "type": "github"
      }
    },
    "fromYaml_2": {
      "flake": false,
      "locked": {
        "lastModified": 1731966426,
        "narHash": "sha256-lq95WydhbUTWig/JpqiB7oViTcHFP8Lv41IGtayokA8=",
        "owner": "SenchoPens",
        "repo": "fromYaml",
        "rev": "106af9e2f715e2d828df706c386a685698f3223b",
        "type": "github"
      },
      "original": {
        "owner": "SenchoPens",
        "repo": "fromYaml",
        "type": "github"
      }
    },
    "gnome-shell": {
      "flake": false,
      "locked": {
        "host": "gitlab.gnome.org",
        "lastModified": 1767737596,
        "narHash": "sha256-eFujfIUQDgWnSJBablOuG+32hCai192yRdrNHTv0a+s=",
        "owner": "GNOME",
        "repo": "gnome-shell",
        "rev": "ef02db02bf0ff342734d525b5767814770d85b49",
        "type": "gitlab"
      },
      "original": {
        "host": "gitlab.gnome.org",
        "owner": "GNOME",
        "ref": "gnome-49",
        "repo": "gnome-shell",
        "type": "gitlab"
      }
    },
    "hardware-report": {
      "inputs": {
        "flake-utils": [
          "flake-utils"
        ],
        "nixpkgs": [
          "nixpkgs"
        ],
        "rust-overlay": [
          "rust-overlay"
        ]
      },
      "locked": {
        "lastModified": 1769478375,
        "narHash": "sha256-T9G0osy+ek789i13y3GFrzkeG/QasL7bMXIG7XGuVOA=",
        "owner": "sfcompute",
        "repo": "hardware_report",
        "rev": "b57bb917c892951506080620cf6f810fea42ec83",
        "type": "github"
      },
      "original": {
        "owner": "sfcompute",
        "repo": "hardware_report",
        "type": "github"
      }
    },
    "harfbuzz": {
      "flake": false,
      "locked": {
        "lastModified": 1747068667,
        "narHash": "sha256-VxN0lsFnW0vHnIXZ806Lg2NU0/ESnE6z249mXPhfas8=",
        "owner": "harfbuzz",
        "repo": "harfbuzz",
        "rev": "33a3f8de60dcad7535f14f07d6710144548853ac",
        "type": "github"
      },
      "original": {
        "owner": "harfbuzz",
        "ref": "11.2.1",
        "repo": "harfbuzz",
        "type": "github"
      }
    },
    "haumea": {
      "inputs": {
        "nixpkgs": "nixpkgs_2"
      },
      "locked": {
        "lastModified": 1708375098,
        "narHash": "sha256-DaFJp3wDHgOqx98U0SF57bXaH2Orp106c+jSdPCVu1E=",
        "owner": "nix-community",
        "repo": "haumea",
        "rev": "ec6350fd9353e7f27ce0e85d31f82e3ed73e4d70",
        "type": "github"
      },
      "original": {
        "owner": "nix-community",
        "repo": "haumea",
        "type": "github"
      }
    },
    "helix-editor": {
      "inputs": {
        "nixpkgs": [
          "nixpkgs"
        ],
        "rust-overlay": [
          "rust-overlay"
        ]
      },
      "locked": {
        "lastModified": 1752849097,
        "narHash": "sha256-RFSzGAcB0mMg/02ykYfTWXzQjLFu2CJ4BkS5HZ/6pBo=",
        "owner": "helix-editor",
        "repo": "helix",
        "rev": "a05c151bb6e8e9c65ec390b0ae2afe7a5efd619b",
        "type": "github"
      },
      "original": {
        "owner": "helix-editor",
        "ref": "25.07.1",
        "repo": "helix",
        "type": "github"
      }
    },
    "home-manager": {
      "inputs": {
        "nixpkgs": [
          "nixpkgs"
        ]
      },
      "locked": {
        "lastModified": 1770818644,
        "narHash": "sha256-DYS4jIRpRoKOzJjnR/QqEd/MlT4OZZpt8CrBLv+cjsE=",
        "owner": "nix-community",
        "repo": "home-manager",
        "rev": "0acbd1180697de56724821184ad2c3e6e7202cd7",
        "type": "github"
      },
      "original": {
        "owner": "nix-community",
        "repo": "home-manager",
        "type": "github"
      }
    },
    "infuse": {
      "flake": false,
      "locked": {
        "lastModified": 1768766368,
        "narHash": "sha256-GW7S5dsFiQChSbGESrkFyNSzDLKGNH3H0EMeY+NLefY=",
        "ref": "refs/heads/trunk",
        "rev": "e837ece1b9de6ebcb7abd261f54a09bad3a2f820",
        "revCount": 49,
        "type": "git",
        "url": "https://codeberg.org/amjoseph/infuse.nix.git"
      },
      "original": {
        "type": "git",
        "url": "https://codeberg.org/amjoseph/infuse.nix.git"
      }
    },
    "lanzaboote": {
      "inputs": {
        "crane": [
          "crane"
        ],
        "nixpkgs": [
          "nixpkgs"
        ],
        "pre-commit": [
          "empty"
        ],
        "rust-overlay": [
          "rust-overlay"
        ]
      },
      "locked": {
        "lastModified": 1770734117,
        "narHash": "sha256-PNXSnK507MRj+hYMgnUR7InNJzVCmOfsjHV4YXZgpwQ=",
        "owner": "nix-community",
        "repo": "lanzaboote",
        "rev": "2038a9a19adb886eccba775321b055fdbdc5029d",
        "type": "github"
      },
      "original": {
        "owner": "nix-community",
        "repo": "lanzaboote",
        "type": "github"
      }
    },
    "libpng": {
      "flake": false,
      "locked": {
        "lastModified": 1726173884,
        "narHash": "sha256-gBfHgGaqVYdmhWXoNKZzPyGzyw2rr3zp+DjWmfC41jk=",
        "owner": "pnggroup",
        "repo": "libpng",
        "rev": "f5e92d76973a7a53f517579bc95d61483bf108c0",
        "type": "github"
      },
      "original": {
        "owner": "pnggroup",
        "ref": "v1.6.44",
        "repo": "libpng",
        "type": "github"
      }
    },
    "microvm": {
      "inputs": {
        "nixpkgs": [
          "nixpkgs"
        ],
        "spectrum": "spectrum"
      },
      "locked": {
        "lastModified": 1770310890,
        "narHash": "sha256-lyWAs4XKg3kLYaf4gm5qc5WJrDkYy3/qeV5G733fJww=",
        "owner": "astro",
        "repo": "microvm.nix",
        "rev": "68c9f9c6ca91841f04f726a298c385411b7bfcd5",
        "type": "github"
      },
      "original": {
        "owner": "astro",
        "repo": "microvm.nix",
        "type": "github"
      }
    },
    "nix-darwin": {
      "inputs": {
        "nixpkgs": [
          "angrr",
          "nixpkgs"
        ]
      },
      "locked": {
        "lastModified": 1770184146,
        "narHash": "sha256-DsqnN6LvXmohTRaal7tVZO/AKBuZ02kPBiZKSU4qa/k=",
        "owner": "nix-darwin",
        "repo": "nix-darwin",
        "rev": "0d7874ef7e3ba02d58bebb871e6e29da36fa1b37",
        "type": "github"
      },
      "original": {
        "owner": "nix-darwin",
        "repo": "nix-darwin",
        "type": "github"
      }
    },
    "nix-darwin_2": {
      "inputs": {
        "nixpkgs": [
          "nixpkgs"
        ]
      },
      "locked": {
        "lastModified": 1770736414,
        "narHash": "sha256-x5xdJgUxNflO9j2sJHIHnPujDy6eAWJPCMQml5y9XB4=",
        "owner": "LnL7",
        "repo": "nix-darwin",
        "rev": "7c952d9a524ffbbd5b5edca38fe6d943499585cc",
        "type": "github"
      },
      "original": {
        "owner": "LnL7",
        "repo": "nix-darwin",
        "type": "github"
      }
    },
    "nix-fast-build": {
      "inputs": {
        "flake-parts": [
          "flake-parts"
        ],
        "nixpkgs": [
          "nixpkgs"
        ],
        "treefmt-nix": [
          "treefmt-nix"
        ]
      },
      "locked": {
        "lastModified": 1770525450,
        "narHash": "sha256-T7LydwjxHx4CzF2mgVyIhFVUjTYGWVafdhEaYRuGtv4=",
        "owner": "Mic92",
        "repo": "nix-fast-build",
        "rev": "8ac62f38ac3b21eec112b4e6d8bd98fa84b465e0",
        "type": "github"
      },
      "original": {
        "owner": "Mic92",
        "repo": "nix-fast-build",
        "type": "github"
      }
    },
    "nix-github-actions": {
      "inputs": {
        "nixpkgs": [
          "colmena",
          "nixpkgs"
        ]
      },
      "locked": {
        "lastModified": 1729742964,
        "narHash": "sha256-B4mzTcQ0FZHdpeWcpDYPERtyjJd/NIuaQ9+BV1h+MpA=",
        "owner": "nix-community",
        "repo": "nix-github-actions",
        "rev": "e04df33f62cdcf93d73e9a04142464753a16db67",
        "type": "github"
      },
      "original": {
        "owner": "nix-community",
        "repo": "nix-github-actions",
        "type": "github"
      }
    },
    "nix-homebrew": {
      "inputs": {
        "brew-src": "brew-src"
      },
      "locked": {
        "lastModified": 1769437432,
        "narHash": "sha256-8d7KnCpT2LweRvSzZYEGd9IM3eFX+A78opcnDM0+ndk=",
        "owner": "zhaofengli",
        "repo": "nix-homebrew",
        "rev": "a5409abd0d5013d79775d3419bcac10eacb9d8c5",
        "type": "github"
      },
      "original": {
        "owner": "zhaofengli",
        "repo": "nix-homebrew",
        "type": "github"
      }
    },
    "nix-vm-test": {
      "inputs": {
        "nixpkgs": [
          "nixos-anywhere",
          "nixpkgs"
        ]
      },
      "locked": {
        "lastModified": 1769079217,
        "narHash": "sha256-R6qzhu+YJolxE2vUsPQWWwUKMbAG5nXX3pBtg8BNX38=",
        "owner": "Enzime",
        "repo": "nix-vm-test",
        "rev": "58c15f78947b431d6c206e0966500c7e9139bd2f",
        "type": "github"
      },
      "original": {
        "owner": "Enzime",
        "ref": "pr-105-latest",
        "repo": "nix-vm-test",
        "type": "github"
      }
    },
    "nixcasks": {
      "inputs": {
        "nixpkgs": [
          "nixpkgs"
        ]
      },
      "locked": {
        "lastModified": 1770846524,
        "narHash": "sha256-xxoWT08CyUm2CBSL/nqMSqjNZACb4jxS4HSyoozot4c=",
        "owner": "jacekszymanski",
        "repo": "nixcasks",
        "rev": "1758a99d4a96e6ca59667a9c7af397eda69828c9",
        "type": "github"
      },
      "original": {
        "owner": "jacekszymanski",
        "repo": "nixcasks",
        "type": "github"
      }
    },
    "nixos-anywhere": {
      "inputs": {
        "disko": [
          "disko"
        ],
        "flake-parts": [
          "flake-parts"
        ],
        "nix-vm-test": "nix-vm-test",
        "nixos-images": "nixos-images",
        "nixos-stable": "nixos-stable",
        "nixpkgs": [
          "nixpkgs"
        ],
        "treefmt-nix": [
          "treefmt-nix"
        ]
      },
      "locked": {
        "lastModified": 1769956140,
        "narHash": "sha256-D+RQ+DaIC/GVwv5lUs7e8jSmh8aPc77Kg/gRjaS25Zk=",
        "owner": "numtide",
        "repo": "nixos-anywhere",
        "rev": "92f82c5196a5f8588be4967e535c4cfd35e85902",
        "type": "github"
      },
      "original": {
        "owner": "numtide",
        "repo": "nixos-anywhere",
        "type": "github"
      }
    },
    "nixos-avf": {
      "inputs": {
        "nixpkgs": [
          "nixpkgs"
        ]
      },
      "locked": {
        "lastModified": 1769132082,
        "narHash": "sha256-cJVUBVP3qmRO2HGHqj18ChjOSztyo7eqElQJMRpWXw8=",
        "owner": "nazarewk",
        "repo": "nixos-avf",
        "rev": "d0a62c3f64b45a39570fde31a3a490b214bf19ee",
        "type": "github"
      },
      "original": {
        "owner": "nazarewk",
        "repo": "nixos-avf",
        "type": "github"
      }
    },
    "nixos-avf-upstream": {
      "inputs": {
        "nixpkgs": "nixpkgs_3"
      },
      "locked": {
        "lastModified": 1769132082,
        "narHash": "sha256-cJVUBVP3qmRO2HGHqj18ChjOSztyo7eqElQJMRpWXw8=",
        "owner": "nix-community",
        "repo": "nixos-avf",
        "rev": "d0a62c3f64b45a39570fde31a3a490b214bf19ee",
        "type": "github"
      },
      "original": {
        "owner": "nix-community",
        "repo": "nixos-avf",
        "type": "github"
      }
    },
    "nixos-generators": {
      "inputs": {
        "nixlib": [
          "nixpkgs-lib"
        ],
        "nixpkgs": [
          "nixpkgs"
        ]
      },
      "locked": {
        "lastModified": 1769813415,
        "narHash": "sha256-nnVmNNKBi1YiBNPhKclNYDORoHkuKipoz7EtVnXO50A=",
        "owner": "nix-community",
        "repo": "nixos-generators",
        "rev": "8946737ff703382fda7623b9fab071d037e897d5",
        "type": "github"
      },
      "original": {
        "owner": "nix-community",
        "repo": "nixos-generators",
        "type": "github"
      }
    },
    "nixos-hardware": {
      "locked": {
        "lastModified": 1770882871,
        "narHash": "sha256-nw5g+xl3veea+maxJ2/81tMEA/rPq9aF1H5XF35X+OE=",
        "owner": "nixos",
        "repo": "nixos-hardware",
        "rev": "af04cb78aa85b2a4d1c15fc7270347e0d0eda97b",
        "type": "github"
      },
      "original": {
        "owner": "nixos",
        "repo": "nixos-hardware",
        "type": "github"
      }
    },
    "nixos-images": {
      "inputs": {
        "nixos-stable": [
          "nixos-anywhere",
          "nixos-stable"
        ],
        "nixos-unstable": [
          "nixos-anywhere",
          "nixpkgs"
        ]
      },
      "locked": {
        "lastModified": 1766770015,
        "narHash": "sha256-kUmVBU+uBUPl/v3biPiWrk680b8N9rRMhtY97wsxiJc=",
        "owner": "nix-community",
        "repo": "nixos-images",
        "rev": "e4dba54ddb6b2ad9c6550e5baaed2fa27938a5d2",
        "type": "github"
      },
      "original": {
        "owner": "nix-community",
        "repo": "nixos-images",
        "type": "github"
      }
    },
    "nixos-stable": {
      "locked": {
        "lastModified": 1769598131,
        "narHash": "sha256-e7VO/kGLgRMbWtpBqdWl0uFg8Y2XWFMdz0uUJvlML8o=",
        "owner": "NixOS",
        "repo": "nixpkgs",
        "rev": "fa83fd837f3098e3e678e6cf017b2b36102c7211",
        "type": "github"
      },
      "original": {
        "owner": "NixOS",
        "ref": "nixos-25.11",
        "repo": "nixpkgs",
        "type": "github"
      }
    },
    "nixpkgs": {
      "locked": {
        "lastModified": 1770197578,
        "narHash": "sha256-AYqlWrX09+HvGs8zM6ebZ1pwUqjkfpnv8mewYwAo+iM=",
        "owner": "nixos",
        "repo": "nixpkgs",
        "rev": "00c21e4c93d963c50d4c0c89bfa84ed6e0694df2",
        "type": "github"
      },
      "original": {
        "owner": "nixos",
        "ref": "nixos-unstable",
        "repo": "nixpkgs",
        "type": "github"
      }
    },
    "nixpkgs-stable": {
      "locked": {
        "lastModified": 1767313136,
        "narHash": "sha256-16KkgfdYqjaeRGBaYsNrhPRRENs0qzkQVUooNHtoy2w=",
        "owner": "NixOS",
        "repo": "nixpkgs",
        "rev": "ac62194c3917d5f474c1a844b6fd6da2db95077d",
        "type": "github"
      },
      "original": {
        "owner": "NixOS",
        "ref": "nixos-25.05",
        "repo": "nixpkgs",
        "type": "github"
      }
    },
    "nixpkgs-upstream": {
      "locked": {
        "lastModified": 1770562336,
        "narHash": "sha256-ub1gpAONMFsT/GU2hV6ZWJjur8rJ6kKxdm9IlCT0j84=",
        "owner": "NixOS",
        "repo": "nixpkgs",
        "rev": "d6c71932130818840fc8fe9509cf50be8c64634f",
        "type": "github"
      },
      "original": {
        "owner": "NixOS",
        "ref": "nixos-unstable",
        "repo": "nixpkgs",
        "type": "github"
      }
    },
    "nixpkgs_2": {
      "locked": {
        "lastModified": 1681001314,
        "narHash": "sha256-5sDnCLdrKZqxLPK4KA8+f4A3YKO/u6ElpMILvX0g72c=",
        "owner": "nix-community",
        "repo": "nixpkgs.lib",
        "rev": "367c0e1086a4eb4502b24d872cea2c7acdd557f4",
        "type": "github"
      },
      "original": {
        "owner": "nix-community",
        "repo": "nixpkgs.lib",
        "type": "github"
      }
    },
    "nixpkgs_3": {
      "locked": {
        "lastModified": 1765608474,
        "narHash": "sha256-9Wx53UK0z8Di5iesJID0tS1dRKwGxI4i7tsSanOHhF0=",
        "owner": "NixOS",
        "repo": "nixpkgs",
        "rev": "28bb483c11a1214a73f9fd2d9928a6e2ea86ec71",
        "type": "github"
      },
      "original": {
        "owner": "NixOS",
        "ref": "nixos-25.11",
        "repo": "nixpkgs",
        "type": "github"
      }
    },
    "nixpkgs_4": {
      "locked": {
        "lastModified": 1770562336,
        "narHash": "sha256-ub1gpAONMFsT/GU2hV6ZWJjur8rJ6kKxdm9IlCT0j84=",
        "owner": "nazarewk",
        "repo": "nixpkgs",
        "rev": "d6c71932130818840fc8fe9509cf50be8c64634f",
        "type": "github"
      },
      "original": {
        "owner": "nazarewk",
        "ref": "nixos-unstable",
        "repo": "nixpkgs",
        "type": "github"
      }
    },
    "nixpkgs_5": {
      "locked": {
        "lastModified": 1770562336,
        "narHash": "sha256-ub1gpAONMFsT/GU2hV6ZWJjur8rJ6kKxdm9IlCT0j84=",
        "owner": "nixos",
        "repo": "nixpkgs",
        "rev": "d6c71932130818840fc8fe9509cf50be8c64634f",
        "type": "github"
      },
      "original": {
        "owner": "nixos",
        "ref": "nixos-unstable",
        "repo": "nixpkgs",
        "type": "github"
      }
    },
    "nixpkgs_6": {
      "locked": {
        "lastModified": 1770380644,
        "narHash": "sha256-P7dWMHRUWG5m4G+06jDyThXO7kwSk46C1kgjEWcybkE=",
        "owner": "NixOS",
        "repo": "nixpkgs",
        "rev": "ae67888ff7ef9dff69b3cf0cc0fbfbcd3a722abe",
        "type": "github"
      },
      "original": {
        "owner": "NixOS",
        "ref": "nixpkgs-unstable",
        "repo": "nixpkgs",
        "type": "github"
      }
    },
    "nur": {
      "inputs": {
        "flake-parts": "flake-parts_3",
        "nixpkgs": "nixpkgs_5"
      },
      "locked": {
        "lastModified": 1770899945,
        "narHash": "sha256-f7EHsA0rE49Pov4wHrbzJ3/kxQzyU68Vz+HELw+PCL8=",
        "owner": "nix-community",
        "repo": "NUR",
        "rev": "f77be28697c0386f1cad0090a87bf519f54672ea",
        "type": "github"
      },
      "original": {
        "owner": "nix-community",
        "repo": "NUR",
        "type": "github"
      }
    },
    "preservation": {
      "locked": {
        "lastModified": 1757927621,
        "narHash": "sha256-DsVo19A4lZns1SC8woFyAuPO+lFNdy8Ffl2au4K8sbA=",
        "owner": "nazarewk",
        "repo": "preservation",
        "rev": "72fa4572c0fd587b5b2c3c5b9b8286a22f64f20a",
        "type": "github"
      },
      "original": {
        "owner": "nazarewk",
        "ref": "nix-configs",
        "repo": "preservation",
        "type": "github"
      }
    },
    "preservation-upstream": {
      "locked": {
        "lastModified": 1757436102,
        "narHash": "sha256-mMI9IanU+Xw+pVogD2oT0I2kTmvz2Un/Apc5+CwUpEY=",
        "owner": "nix-community",
        "repo": "preservation",
        "rev": "93416f4614ad2dfed5b0dcf12f27e57d27a5ab11",
        "type": "github"
      },
      "original": {
        "owner": "nix-community",
        "repo": "preservation",
        "type": "github"
      }
    },
    "root": {
      "inputs": {
        "angrr": "angrr",
        "argon40-nix": "argon40-nix",
        "base16": "base16",
        "brew": "brew",
        "brew-api": "brew-api",
        "brew-nix": "brew-nix",
        "brew-tap--homebrew--bundle": "brew-tap--homebrew--bundle",
        "brew-tap--homebrew--cask": "brew-tap--homebrew--cask",
        "brew-tap--homebrew--core": "brew-tap--homebrew--core",
        "colmena": "colmena",
        "crane": "crane",
        "disko": "disko",
        "disko-zfs": "disko-zfs",
        "easykubenix": "easykubenix",
        "empty": "empty",
        "flake-compat": "flake-compat_2",
        "flake-parts": "flake-parts_2",
        "flake-utils": "flake-utils",
        "hardware-report": "hardware-report",
        "haumea": "haumea",
        "helix-editor": "helix-editor",
        "home-manager": "home-manager",
        "infuse": "infuse",
        "lanzaboote": "lanzaboote",
        "microvm": "microvm",
        "nix-darwin": "nix-darwin_2",
        "nix-fast-build": "nix-fast-build",
        "nix-homebrew": "nix-homebrew",
        "nixcasks": "nixcasks",
        "nixos-anywhere": "nixos-anywhere",
        "nixos-avf": "nixos-avf",
        "nixos-avf-upstream": "nixos-avf-upstream",
        "nixos-generators": "nixos-generators",
        "nixos-hardware": "nixos-hardware",
        "nixpkgs": "nixpkgs_4",
        "nixpkgs-lib": [
          "nixpkgs"
        ],
        "nixpkgs-stable": "nixpkgs-stable",
        "nixpkgs-upstream": "nixpkgs-upstream",
        "nur": "nur",
        "preservation": "preservation",
        "preservation-upstream": "preservation-upstream",
        "rpi-sbcshop-hat-ups": "rpi-sbcshop-hat-ups",
        "rust-overlay": "rust-overlay",
        "sops-nix": "sops-nix",
        "sops-nix-upstream": "sops-nix-upstream",
        "sops-upstream": "sops-upstream",
        "stylix": "stylix",
        "systems": "systems_2",
        "treefmt-nix": "treefmt-nix_2",
        "wezterm": "wezterm"
      }
    },
    "rpi-sbcshop-hat-ups": {
      "flake": false,
      "locked": {
        "lastModified": 1709371739,
        "narHash": "sha256-8BJe9cahnJGtujqcVVjiffHdoE4/8/B6+cEe8OyJJC4=",
        "owner": "sbcshop",
        "repo": "UPS-Hat-RPi",
        "rev": "14926b39f14ee541c9e5aa879d2b654a4e4605ad",
        "type": "github"
      },
      "original": {
        "owner": "sbcshop",
        "repo": "UPS-Hat-RPi",
        "type": "github"
      }
    },
    "rust-overlay": {
      "inputs": {
        "nixpkgs": [
          "nixpkgs"
        ]
      },
      "locked": {
        "lastModified": 1770865833,
        "narHash": "sha256-oiARqnlvaW6pVGheVi4ye6voqCwhg5hCcGish2ZvQzI=",
        "owner": "oxalica",
        "repo": "rust-overlay",
        "rev": "c8cfbe26238638e2f3a2c0ae7e8d240f5e4ded85",
        "type": "github"
      },
      "original": {
        "owner": "oxalica",
        "repo": "rust-overlay",
        "type": "github"
      }
    },
    "sops-nix": {
      "inputs": {
        "nixpkgs": [
          "nixpkgs"
        ]
      },
      "locked": {
        "lastModified": 1770683991,
        "narHash": "sha256-xVfPvXDf9QN3Eh9dV+Lw6IkWG42KSuQ1u2260HKvpnc=",
        "owner": "nazarewk",
        "repo": "sops-nix",
        "rev": "8b89f44c2cc4581e402111d928869fe7ba9f7033",
        "type": "github"
      },
      "original": {
        "owner": "nazarewk",
        "repo": "sops-nix",
        "type": "github"
      }
    },
    "sops-nix-upstream": {
      "inputs": {
        "nixpkgs": "nixpkgs_6"
      },
      "locked": {
        "lastModified": 1770683991,
        "narHash": "sha256-xVfPvXDf9QN3Eh9dV+Lw6IkWG42KSuQ1u2260HKvpnc=",
        "owner": "Mic92",
        "repo": "sops-nix",
        "rev": "8b89f44c2cc4581e402111d928869fe7ba9f7033",
        "type": "github"
      },
      "original": {
        "owner": "Mic92",
        "repo": "sops-nix",
        "type": "github"
      }
    },
    "sops-upstream": {
      "flake": false,
      "locked": {
        "lastModified": 1770658792,
        "narHash": "sha256-p3en8s7Lyf2yPuqMbKILwl+A+7bpGZkWe1qDJ35rBaI=",
        "owner": "getsops",
        "repo": "sops",
        "rev": "09cf07a5a404979cd232e25bc6f713e610e7d78c",
        "type": "github"
      },
      "original": {
        "owner": "getsops",
        "repo": "sops",
        "type": "github"
      }
    },
    "spectrum": {
      "flake": false,
      "locked": {
        "lastModified": 1759482047,
        "narHash": "sha256-H1wiXRQHxxPyMMlP39ce3ROKCwI5/tUn36P8x6dFiiQ=",
        "ref": "refs/heads/main",
        "rev": "c5d5786d3dc938af0b279c542d1e43bce381b4b9",
        "revCount": 996,
        "type": "git",
        "url": "https://spectrum-os.org/git/spectrum"
      },
      "original": {
        "type": "git",
        "url": "https://spectrum-os.org/git/spectrum"
      }
    },
    "stylix": {
      "inputs": {
        "base16": "base16_2",
        "base16-fish": "base16-fish",
        "base16-helix": "base16-helix",
        "base16-vim": "base16-vim",
        "firefox-gnome-theme": "firefox-gnome-theme",
        "flake-parts": [
          "flake-parts"
        ],
        "gnome-shell": "gnome-shell",
        "nixpkgs": [
          "nixpkgs"
        ],
        "nur": [
          "nur"
        ],
        "systems": [
          "systems"
        ],
        "tinted-foot": "tinted-foot",
        "tinted-kitty": "tinted-kitty",
        "tinted-schemes": "tinted-schemes",
        "tinted-tmux": "tinted-tmux",
        "tinted-zed": "tinted-zed"
      },
      "locked": {
        "lastModified": 1770587906,
        "narHash": "sha256-N9ZTG3ia7l4iQO+9JlOj+sX4yu6gl7a3aozrlhSIJwQ=",
        "owner": "danth",
        "repo": "stylix",
        "rev": "72e6483a88d51471a6c55e1d43e7ed2bc47a76a4",
        "type": "github"
      },
      "original": {
        "owner": "danth",
        "repo": "stylix",
        "type": "github"
      }
    },
    "systems": {
      "locked": {
        "lastModified": 1681028828,
        "narHash": "sha256-Vy1rq5AaRuLzOxct8nz4T6wlgyUR7zLU309k9mBC768=",
        "owner": "nix-systems",
        "repo": "default",
        "rev": "da67096a3b9bf56a91d16901293e51ba5b49a27e",
        "type": "github"
      },
      "original": {
        "owner": "nix-systems",
        "repo": "default",
        "type": "github"
      }
    },
    "systems_2": {
      "locked": {
        "lastModified": 1681028828,
        "narHash": "sha256-Vy1rq5AaRuLzOxct8nz4T6wlgyUR7zLU309k9mBC768=",
        "owner": "nix-systems",
        "repo": "default",
        "rev": "da67096a3b9bf56a91d16901293e51ba5b49a27e",
        "type": "github"
      },
      "original": {
        "owner": "nix-systems",
        "repo": "default",
        "type": "github"
      }
    },
    "tinted-foot": {
      "flake": false,
      "locked": {
        "lastModified": 1726913040,
        "narHash": "sha256-+eDZPkw7efMNUf3/Pv0EmsidqdwNJ1TaOum6k7lngDQ=",
        "owner": "tinted-theming",
        "repo": "tinted-foot",
        "rev": "fd1b924b6c45c3e4465e8a849e67ea82933fcbe4",
        "type": "github"
      },
      "original": {
        "owner": "tinted-theming",
        "repo": "tinted-foot",
        "rev": "fd1b924b6c45c3e4465e8a849e67ea82933fcbe4",
        "type": "github"
      }
    },
    "tinted-kitty": {
      "flake": false,
      "locked": {
        "lastModified": 1735730497,
        "narHash": "sha256-4KtB+FiUzIeK/4aHCKce3V9HwRvYaxX+F1edUrfgzb8=",
        "owner": "tinted-theming",
        "repo": "tinted-kitty",
        "rev": "de6f888497f2c6b2279361bfc790f164bfd0f3fa",
        "type": "github"
      },
      "original": {
        "owner": "tinted-theming",
        "repo": "tinted-kitty",
        "type": "github"
      }
    },
    "tinted-schemes": {
      "flake": false,
      "locked": {
        "lastModified": 1767710407,
        "narHash": "sha256-+W1EB79Jl0/gm4JqmO0Nuc5C7hRdp4vfsV/VdzI+des=",
        "owner": "tinted-theming",
        "repo": "schemes",
        "rev": "2800e2b8ac90f678d7e4acebe4fa253f602e05b2",
        "type": "github"
      },
      "original": {
        "owner": "tinted-theming",
        "repo": "schemes",
        "type": "github"
      }
    },
    "tinted-tmux": {
      "flake": false,
      "locked": {
        "lastModified": 1767489635,
        "narHash": "sha256-e6nnFnWXKBCJjCv4QG4bbcouJ6y3yeT70V9MofL32lU=",
        "owner": "tinted-theming",
        "repo": "tinted-tmux",
        "rev": "3c32729ccae99be44fe8a125d20be06f8d7d8184",
        "type": "github"
      },
      "original": {
        "owner": "tinted-theming",
        "repo": "tinted-tmux",
        "type": "github"
      }
    },
    "tinted-zed": {
      "flake": false,
      "locked": {
        "lastModified": 1767488740,
        "narHash": "sha256-wVOj0qyil8m+ouSsVZcNjl5ZR+1GdOOAooAatQXHbuU=",
        "owner": "tinted-theming",
        "repo": "base16-zed",
        "rev": "11abb0b282ad3786a2aae088d3a01c60916f2e40",
        "type": "github"
      },
      "original": {
        "owner": "tinted-theming",
        "repo": "base16-zed",
        "type": "github"
      }
    },
    "treefmt-nix": {
      "inputs": {
        "nixpkgs": [
          "angrr",
          "nixpkgs"
        ]
      },
      "locked": {
        "lastModified": 1770228511,
        "narHash": "sha256-wQ6NJSuFqAEmIg2VMnLdCnUc0b7vslUohqqGGD+Fyxk=",
        "owner": "numtide",
        "repo": "treefmt-nix",
        "rev": "337a4fe074be1042a35086f15481d763b8ddc0e7",
        "type": "github"
      },
      "original": {
        "owner": "numtide",
        "repo": "treefmt-nix",
        "type": "github"
      }
    },
    "treefmt-nix_2": {
      "inputs": {
        "nixpkgs": [
          "nixpkgs"
        ]
      },
      "locked": {
        "lastModified": 1770228511,
        "narHash": "sha256-wQ6NJSuFqAEmIg2VMnLdCnUc0b7vslUohqqGGD+Fyxk=",
        "owner": "numtide",
        "repo": "treefmt-nix",
        "rev": "337a4fe074be1042a35086f15481d763b8ddc0e7",
        "type": "github"
      },
      "original": {
        "owner": "numtide",
        "repo": "treefmt-nix",
        "type": "github"
      }
    },
    "wezterm": {
      "inputs": {
        "flake-utils": [
          "flake-utils"
        ],
        "freetype2": "freetype2",
        "harfbuzz": "harfbuzz",
        "libpng": "libpng",
        "nixpkgs": [
          "nixpkgs"
        ],
        "rust-overlay": [
          "rust-overlay"
        ],
        "zlib": "zlib"
      },
      "locked": {
        "dir": "nix",
        "lastModified": 1768664668,
        "narHash": "sha256-usmXju7tDaJZRicONAX0oduQPkOeahSJPCExuRt6dt4=",
        "owner": "wez",
        "repo": "wezterm",
        "rev": "05343b387085842b434d267f91b6b0ec157e4331",
        "type": "github"
      },
      "original": {
        "dir": "nix",
        "owner": "wez",
        "ref": "main",
        "repo": "wezterm",
        "type": "github"
      }
    },
    "zlib": {
      "flake": false,
      "locked": {
        "lastModified": 1705948357,
        "narHash": "sha256-TkPLWSN5QcPlL9D0kc/yhH0/puE9bFND24aj5NVDKYs=",
        "owner": "madler",
        "repo": "zlib",
        "rev": "51b7f2abdade71cd9bb0e7a373ef2610ec6f9daf",
        "type": "github"
      },
      "original": {
        "owner": "madler",
        "ref": "v1.3.1",
        "repo": "zlib",
        "type": "github"
      }
    }
  },
  "root": "root",
  "version": 7
}
