{
  "nodes": {
    "nixpkgs": {
      "locked": {
        "lastModified": 1730892011,
        "narHash": "sha256-llhzQOV+SrDb/MjV0JKF3oZvNNqHLsjeggWFV9Txdf0=",
        "owner": "nazarewk",
        "repo": "nixpkgs",
        "rev": "fae9f193c3b52ce7fcdba4d97713e6b5af7b86c0",
        "type": "github"
      },
      "original": {
        "owner": "nazarewk",
        "ref": "nixos-unstable",
        "repo": "nixpkgs",
        "type": "github"
      }
    },
    "nixpkgs-patch-2": {
      "flake": false,
      "locked": {
        "narHash": "sha256-q7kuH5D65peP2X5QlpYefZ0nfCk1rSTt8usdAwtdFi0=",
        "type": "file",
        "url": "https://github.com/nixos/nixpkgs/compare/nixos-unstable..nazarewk:netbird-improvements.patch"
      },
      "original": {
        "type": "file",
        "url": "https://github.com/nixos/nixpkgs/compare/nixos-unstable..nazarewk:netbird-improvements.patch"
      }
    },
    "nixpkgs-patch-3": {
      "flake": false,
      "locked": {
        "narHash": "sha256-geVOCK2DM/rljzeLqY++qramwO32cvEadRh8K4UQ33A=",
        "type": "file",
        "url": "https://github.com/nixos/nixpkgs/compare/nixos-unstable..nazarewk:add/idea-ultimate-eap.patch"
      },
      "original": {
        "type": "file",
        "url": "https://github.com/nixos/nixpkgs/compare/nixos-unstable..nazarewk:add/idea-ultimate-eap.patch"
      }
    },
    "nixpkgs-upstream": {
      "locked": {
        "lastModified": 1731139594,
        "narHash": "sha256-IigrKK3vYRpUu+HEjPL/phrfh7Ox881er1UEsZvw9Q4=",
        "owner": "nixos",
        "repo": "nixpkgs",
        "rev": "76612b17c0ce71689921ca12d9ffdc9c23ce40b2",
        "type": "github"
      },
      "original": {
        "owner": "nixos",
        "ref": "nixos-unstable",
        "repo": "nixpkgs",
        "type": "github"
      }
    },
    "root": {
      "inputs": {
        "nixpkgs": "nixpkgs",
        "nixpkgs-patch-2": "nixpkgs-patch-2",
        "nixpkgs-patch-3": "nixpkgs-patch-3",
        "nixpkgs-upstream": "nixpkgs-upstream"
      }
    }
  },
  "root": "root",
  "version": 7
}
