{
  "nodes": {
    "flake-parts": {
      "inputs": {
        "nixpkgs-lib": "nixpkgs-lib"
      },
      "locked": {
        "lastModified": 1666885127,
        "narHash": "sha256-uXA/3lhLhwOTBMn9a5zJODKqaRT+SuL5cpEmOz2ULoo=",
        "owner": "hercules-ci",
        "repo": "flake-parts",
        "rev": "0e101dbae756d35a376a5e1faea532608e4a4b9a",
        "type": "github"
      },
      "original": {
        "id": "flake-parts",
        "type": "indirect"
      }
    },
    "nixpkgs": {
      "locked": {
        "lastModified": 1667482890,
        "narHash": "sha256-pua0jp87iwN7NBY5/ypx0s9L9CG49Ju/NI4wGwurHc4=",
        "owner": "NixOS",
        "repo": "nixpkgs",
        "rev": "a2a777538d971c6b01c6e54af89ddd6567c055e8",
        "type": "github"
      },
      "original": {
        "owner": "NixOS",
        "ref": "nixos-unstable",
        "repo": "nixpkgs",
        "type": "github"
      }
    },
    "nixpkgs-lib": {
      "locked": {
        "dir": "lib",
        "lastModified": 1665349835,
        "narHash": "sha256-UK4urM3iN80UXQ7EaOappDzcisYIuEURFRoGQ/yPkug=",
        "owner": "NixOS",
        "repo": "nixpkgs",
        "rev": "34c5293a71ffdb2fe054eb5288adc1882c1eb0b1",
        "type": "github"
      },
      "original": {
        "dir": "lib",
        "owner": "NixOS",
        "ref": "nixos-unstable",
        "repo": "nixpkgs",
        "type": "github"
      }
    },
    "root": {
      "inputs": {
        "flake-parts": "flake-parts",
        "nixpkgs": "nixpkgs"
      }
    }
  },
  "root": "root",
  "version": 7
}
