[[package]]
name = "click"
version = "8.1.3"
description = "Composable command line interface toolkit"
category = "main"
optional = false
python-versions = ">=3.7"

[package.dependencies]
colorama = {version = "*", markers = "platform_system == \"Windows\""}

[[package]]
name = "colorama"
version = "0.4.6"
description = "Cross-platform colored terminal text."
category = "main"
optional = false
python-versions = "!=3.0.*,!=3.1.*,!=3.2.*,!=3.3.*,!=3.4.*,!=3.5.*,!=3.6.*,>=2.7"

[[package]]
name = "commonmark"
version = "0.9.1"
description = "Python parser for the CommonMark Markdown spec"
category = "main"
optional = false
python-versions = "*"

[package.extras]
test = ["flake8 (==3.7.8)", "hypothesis (==3.55.3)"]

[[package]]
name = "pendulum"
version = "2.1.2"
description = "Python datetimes made easy"
category = "main"
optional = false
python-versions = ">=2.7, !=3.0.*, !=3.1.*, !=3.2.*, !=3.3.*, !=3.4.*"

[package.dependencies]
python-dateutil = ">=2.6,<3.0"
pytzdata = ">=2020.1"

[[package]]
name = "pygments"
version = "2.13.0"
description = "Pygments is a syntax highlighting package written in Python."
category = "main"
optional = false
python-versions = ">=3.6"

[package.extras]
plugins = ["importlib-metadata"]

[[package]]
name = "python-dateutil"
version = "2.8.2"
description = "Extensions to the standard Python datetime module"
category = "main"
optional = false
python-versions = "!=3.0.*,!=3.1.*,!=3.2.*,>=2.7"

[package.dependencies]
six = ">=1.5"

[[package]]
name = "pytzdata"
version = "2020.1"
description = "The Olson timezone database for Python."
category = "main"
optional = false
python-versions = ">=2.7, !=3.0.*, !=3.1.*, !=3.2.*, !=3.3.*"

[[package]]
name = "rich"
version = "12.6.0"
description = "Render rich text, tables, progress bars, syntax highlighting, markdown and more to the terminal"
category = "main"
optional = false
python-versions = ">=3.6.3,<4.0.0"

[package.dependencies]
commonmark = ">=0.9.0,<0.10.0"
pygments = ">=2.6.0,<3.0.0"

[package.extras]
jupyter = ["ipywidgets (>=7.5.1,<8.0.0)"]

[[package]]
name = "six"
version = "1.16.0"
description = "Python 2 and 3 compatibility utilities"
category = "main"
optional = false
python-versions = ">=2.7, !=3.0.*, !=3.1.*, !=3.2.*"

[[package]]
name = "structlog"
version = "22.1.0"
description = "Structured Logging for Python"
category = "main"
optional = false
python-versions = ">=3.7"

[package.extras]
dev = ["cogapp", "coverage[toml]", "freezegun (>=0.2.8)", "furo", "myst-parser", "pre-commit", "pretend", "pytest (>=6.0)", "pytest-asyncio (>=0.17)", "rich", "simplejson", "sphinx", "sphinx-notfound-page", "sphinxcontrib-mermaid", "tomli", "twisted"]
docs = ["furo", "myst-parser", "sphinx", "sphinx-notfound-page", "sphinxcontrib-mermaid", "twisted"]
tests = ["coverage[toml]", "freezegun (>=0.2.8)", "pretend", "pytest (>=6.0)", "pytest-asyncio (>=0.17)", "simplejson"]

[metadata]
lock-version = "1.1"
python-versions = "^3.11"
content-hash = "9fc219c076d70e6a4db971487d7fe5595dae88990858838cab49a6ef54a0c09f"

[metadata.files]
click = [
    {file = "click-8.1.3-py3-none-any.whl", hash = "sha256:bb4d8133cb15a609f44e8213d9b391b0809795062913b383c62be0ee95b1db48"},
    {file = "click-8.1.3.tar.gz", hash = "sha256:7682dc8afb30297001674575ea00d1814d808d6a36af415a82bd481d37ba7b8e"},
]
colorama = [
    {file = "colorama-0.4.6-py2.py3-none-any.whl", hash = "sha256:4f1d9991f5acc0ca119f9d443620b77f9d6b33703e51011c16baf57afb285fc6"},
    {file = "colorama-0.4.6.tar.gz", hash = "sha256:08695f5cb7ed6e0531a20572697297273c47b8cae5a63ffc6d6ed5c201be6e44"},
]
commonmark = [
    {file = "commonmark-0.9.1-py2.py3-none-any.whl", hash = "sha256:da2f38c92590f83de410ba1a3cbceafbc74fee9def35f9251ba9a971d6d66fd9"},
    {file = "commonmark-0.9.1.tar.gz", hash = "sha256:452f9dc859be7f06631ddcb328b6919c67984aca654e5fefb3914d54691aed60"},
]
pendulum = [
    {file = "pendulum-2.1.2-cp27-cp27m-macosx_10_15_x86_64.whl", hash = "sha256:b6c352f4bd32dff1ea7066bd31ad0f71f8d8100b9ff709fb343f3b86cee43efe"},
    {file = "pendulum-2.1.2-cp27-cp27m-win_amd64.whl", hash = "sha256:318f72f62e8e23cd6660dbafe1e346950281a9aed144b5c596b2ddabc1d19739"},
    {file = "pendulum-2.1.2-cp35-cp35m-macosx_10_15_x86_64.whl", hash = "sha256:0731f0c661a3cb779d398803655494893c9f581f6488048b3fb629c2342b5394"},
    {file = "pendulum-2.1.2-cp35-cp35m-manylinux1_i686.whl", hash = "sha256:3481fad1dc3f6f6738bd575a951d3c15d4b4ce7c82dce37cf8ac1483fde6e8b0"},
    {file = "pendulum-2.1.2-cp35-cp35m-manylinux1_x86_64.whl", hash = "sha256:9702069c694306297ed362ce7e3c1ef8404ac8ede39f9b28b7c1a7ad8c3959e3"},
    {file = "pendulum-2.1.2-cp35-cp35m-win_amd64.whl", hash = "sha256:fb53ffa0085002ddd43b6ca61a7b34f2d4d7c3ed66f931fe599e1a531b42af9b"},
    {file = "pendulum-2.1.2-cp36-cp36m-macosx_10_15_x86_64.whl", hash = "sha256:c501749fdd3d6f9e726086bf0cd4437281ed47e7bca132ddb522f86a1645d360"},
    {file = "pendulum-2.1.2-cp36-cp36m-manylinux1_i686.whl", hash = "sha256:c807a578a532eeb226150d5006f156632df2cc8c5693d778324b43ff8c515dd0"},
    {file = "pendulum-2.1.2-cp36-cp36m-manylinux1_x86_64.whl", hash = "sha256:2d1619a721df661e506eff8db8614016f0720ac171fe80dda1333ee44e684087"},
    {file = "pendulum-2.1.2-cp36-cp36m-win_amd64.whl", hash = "sha256:f888f2d2909a414680a29ae74d0592758f2b9fcdee3549887779cd4055e975db"},
    {file = "pendulum-2.1.2-cp37-cp37m-macosx_10_15_x86_64.whl", hash = "sha256:e95d329384717c7bf627bf27e204bc3b15c8238fa8d9d9781d93712776c14002"},
    {file = "pendulum-2.1.2-cp37-cp37m-manylinux1_i686.whl", hash = "sha256:4c9c689747f39d0d02a9f94fcee737b34a5773803a64a5fdb046ee9cac7442c5"},
    {file = "pendulum-2.1.2-cp37-cp37m-manylinux1_x86_64.whl", hash = "sha256:1245cd0075a3c6d889f581f6325dd8404aca5884dea7223a5566c38aab94642b"},
    {file = "pendulum-2.1.2-cp37-cp37m-win_amd64.whl", hash = "sha256:db0a40d8bcd27b4fb46676e8eb3c732c67a5a5e6bfab8927028224fbced0b40b"},
    {file = "pendulum-2.1.2-cp38-cp38-macosx_10_15_x86_64.whl", hash = "sha256:f5e236e7730cab1644e1b87aca3d2ff3e375a608542e90fe25685dae46310116"},
    {file = "pendulum-2.1.2-cp38-cp38-manylinux1_i686.whl", hash = "sha256:de42ea3e2943171a9e95141f2eecf972480636e8e484ccffaf1e833929e9e052"},
    {file = "pendulum-2.1.2-cp38-cp38-manylinux1_x86_64.whl", hash = "sha256:7c5ec650cb4bec4c63a89a0242cc8c3cebcec92fcfe937c417ba18277d8560be"},
    {file = "pendulum-2.1.2-cp38-cp38-win_amd64.whl", hash = "sha256:33fb61601083f3eb1d15edeb45274f73c63b3c44a8524703dc143f4212bf3269"},
    {file = "pendulum-2.1.2-cp39-cp39-manylinux1_i686.whl", hash = "sha256:29c40a6f2942376185728c9a0347d7c0f07905638c83007e1d262781f1e6953a"},
    {file = "pendulum-2.1.2-cp39-cp39-manylinux1_x86_64.whl", hash = "sha256:94b1fc947bfe38579b28e1cccb36f7e28a15e841f30384b5ad6c5e31055c85d7"},
    {file = "pendulum-2.1.2.tar.gz", hash = "sha256:b06a0ca1bfe41c990bbf0c029f0b6501a7f2ec4e38bfec730712015e8860f207"},
]
pygments = [
    {file = "Pygments-2.13.0-py3-none-any.whl", hash = "sha256:f643f331ab57ba3c9d89212ee4a2dabc6e94f117cf4eefde99a0574720d14c42"},
    {file = "Pygments-2.13.0.tar.gz", hash = "sha256:56a8508ae95f98e2b9bdf93a6be5ae3f7d8af858b43e02c5a2ff083726be40c1"},
]
python-dateutil = [
    {file = "python-dateutil-2.8.2.tar.gz", hash = "sha256:0123cacc1627ae19ddf3c27a5de5bd67ee4586fbdd6440d9748f8abb483d3e86"},
    {file = "python_dateutil-2.8.2-py2.py3-none-any.whl", hash = "sha256:961d03dc3453ebbc59dbdea9e4e11c5651520a876d0f4db161e8674aae935da9"},
]
pytzdata = [
    {file = "pytzdata-2020.1-py2.py3-none-any.whl", hash = "sha256:e1e14750bcf95016381e4d472bad004eef710f2d6417240904070b3d6654485f"},
    {file = "pytzdata-2020.1.tar.gz", hash = "sha256:3efa13b335a00a8de1d345ae41ec78dd11c9f8807f522d39850f2dd828681540"},
]
rich = [
    {file = "rich-12.6.0-py3-none-any.whl", hash = "sha256:a4eb26484f2c82589bd9a17c73d32a010b1e29d89f1604cd9bf3a2097b81bb5e"},
    {file = "rich-12.6.0.tar.gz", hash = "sha256:ba3a3775974105c221d31141f2c116f4fd65c5ceb0698657a11e9f295ec93fd0"},
]
six = [
    {file = "six-1.16.0-py2.py3-none-any.whl", hash = "sha256:8abb2f1d86890a2dfb989f9a77cfcfd3e47c2a354b01111771326f8aa26e0254"},
    {file = "six-1.16.0.tar.gz", hash = "sha256:1e61c37477a1626458e36f7b1d82aa5c9b094fa4802892072e49de9c60c4c926"},
]
structlog = [
    {file = "structlog-22.1.0-py3-none-any.whl", hash = "sha256:760d37b8839bd4fe1747bed7b80f7f4de160078405f4b6a1db9270ccbfce6c30"},
    {file = "structlog-22.1.0.tar.gz", hash = "sha256:94b29b1d62b2659db154f67a9379ec1770183933d6115d21f21aa25cfc9a7393"},
]
