# This file is automatically @generated by Poetry 1.8.4 and should not be changed by hand.

[[package]]
name = "anyio"
version = "4.6.2.post1"
description = "High level compatibility layer for multiple asynchronous event loop implementations"
optional = false
python-versions = ">=3.9"
files = [
    {file = "anyio-4.6.2.post1-py3-none-any.whl", hash = "sha256:6d170c36fba3bdd840c73d3868c1e777e33676a69c3a72cf0a0d5d6d8009b61d"},
    {file = "anyio-4.6.2.post1.tar.gz", hash = "sha256:4c8bc31ccdb51c7f7bd251f51c609e038d63e34219b44aa86e47576389880b4c"},
]

[package.dependencies]
idna = ">=2.8"
sniffio = ">=1.1"

[package.extras]
doc = ["Sphinx (>=7.4,<8.0)", "packaging", "sphinx-autodoc-typehints (>=1.2.0)", "sphinx-rtd-theme"]
test = ["anyio[trio]", "coverage[toml] (>=7)", "exceptiongroup (>=1.2.0)", "hypothesis (>=4.0)", "psutil (>=5.9)", "pytest (>=7.0)", "pytest-mock (>=3.6.1)", "trustme", "truststore (>=0.9.1)", "uvloop (>=0.21.0b1)"]
trio = ["trio (>=0.26.1)"]

[[package]]
name = "async-cache"
version = "1.1.1"
description = "An asyncio Cache"
optional = false
python-versions = ">=3.3"
files = [
    {file = "async-cache-1.1.1.tar.gz", hash = "sha256:81aa9ccd19fb06784aaf30bd5f2043dc0a23fc3e998b93d0c2c17d1af9803393"},
]

[[package]]
name = "asyncclick"
version = "8.1.7.2"
description = "Composable command line interface toolkit, async version"
optional = false
python-versions = ">=3.7"
files = [
    {file = "asyncclick-8.1.7.2-py3-none-any.whl", hash = "sha256:1ab940b04b22cb89b5b400725132b069d01b0c3472a9702c7a2c9d5d007ded02"},
    {file = "asyncclick-8.1.7.2.tar.gz", hash = "sha256:219ea0f29ccdc1bb4ff43bcab7ce0769ac6d48a04f997b43ec6bee99a222daa0"},
]

[package.dependencies]
anyio = "*"
colorama = {version = "*", markers = "platform_system == \"Windows\""}

[[package]]
name = "attrs"
version = "24.2.0"
description = "Classes Without Boilerplate"
optional = false
python-versions = ">=3.7"
files = [
    {file = "attrs-24.2.0-py3-none-any.whl", hash = "sha256:81921eb96de3191c8258c199618104dd27ac608d9366f5e35d011eae1867ede2"},
    {file = "attrs-24.2.0.tar.gz", hash = "sha256:5cfb1b9148b5b086569baec03f20d7b6bf3bcacc9a42bebf87ffaaca362f6346"},
]

[package.extras]
benchmark = ["cloudpickle", "hypothesis", "mypy (>=1.11.1)", "pympler", "pytest (>=4.3.0)", "pytest-codspeed", "pytest-mypy-plugins", "pytest-xdist[psutil]"]
cov = ["cloudpickle", "coverage[toml] (>=5.3)", "hypothesis", "mypy (>=1.11.1)", "pympler", "pytest (>=4.3.0)", "pytest-mypy-plugins", "pytest-xdist[psutil]"]
dev = ["cloudpickle", "hypothesis", "mypy (>=1.11.1)", "pre-commit", "pympler", "pytest (>=4.3.0)", "pytest-mypy-plugins", "pytest-xdist[psutil]"]
docs = ["cogapp", "furo", "myst-parser", "sphinx", "sphinx-notfound-page", "sphinxcontrib-towncrier", "towncrier (<24.7)"]
tests = ["cloudpickle", "hypothesis", "mypy (>=1.11.1)", "pympler", "pytest (>=4.3.0)", "pytest-mypy-plugins", "pytest-xdist[psutil]"]
tests-mypy = ["mypy (>=1.11.1)", "pytest-mypy-plugins"]

[[package]]
name = "cffi"
version = "1.17.1"
description = "Foreign Function Interface for Python calling C code."
optional = false
python-versions = ">=3.8"
files = [
    {file = "cffi-1.17.1-cp310-cp310-macosx_10_9_x86_64.whl", hash = "sha256:df8b1c11f177bc2313ec4b2d46baec87a5f3e71fc8b45dab2ee7cae86d9aba14"},
    {file = "cffi-1.17.1-cp310-cp310-macosx_11_0_arm64.whl", hash = "sha256:8f2cdc858323644ab277e9bb925ad72ae0e67f69e804f4898c070998d50b1a67"},
    {file = "cffi-1.17.1-cp310-cp310-manylinux_2_12_i686.manylinux2010_i686.manylinux_2_17_i686.manylinux2014_i686.whl", hash = "sha256:edae79245293e15384b51f88b00613ba9f7198016a5948b5dddf4917d4d26382"},
    {file = "cffi-1.17.1-cp310-cp310-manylinux_2_17_aarch64.manylinux2014_aarch64.whl", hash = "sha256:45398b671ac6d70e67da8e4224a065cec6a93541bb7aebe1b198a61b58c7b702"},
    {file = "cffi-1.17.1-cp310-cp310-manylinux_2_17_ppc64le.manylinux2014_ppc64le.whl", hash = "sha256:ad9413ccdeda48c5afdae7e4fa2192157e991ff761e7ab8fdd8926f40b160cc3"},
    {file = "cffi-1.17.1-cp310-cp310-manylinux_2_17_s390x.manylinux2014_s390x.whl", hash = "sha256:5da5719280082ac6bd9aa7becb3938dc9f9cbd57fac7d2871717b1feb0902ab6"},
    {file = "cffi-1.17.1-cp310-cp310-manylinux_2_17_x86_64.manylinux2014_x86_64.whl", hash = "sha256:2bb1a08b8008b281856e5971307cc386a8e9c5b625ac297e853d36da6efe9c17"},
    {file = "cffi-1.17.1-cp310-cp310-musllinux_1_1_aarch64.whl", hash = "sha256:045d61c734659cc045141be4bae381a41d89b741f795af1dd018bfb532fd0df8"},
    {file = "cffi-1.17.1-cp310-cp310-musllinux_1_1_i686.whl", hash = "sha256:6883e737d7d9e4899a8a695e00ec36bd4e5e4f18fabe0aca0efe0a4b44cdb13e"},
    {file = "cffi-1.17.1-cp310-cp310-musllinux_1_1_x86_64.whl", hash = "sha256:6b8b4a92e1c65048ff98cfe1f735ef8f1ceb72e3d5f0c25fdb12087a23da22be"},
    {file = "cffi-1.17.1-cp310-cp310-win32.whl", hash = "sha256:c9c3d058ebabb74db66e431095118094d06abf53284d9c81f27300d0e0d8bc7c"},
    {file = "cffi-1.17.1-cp310-cp310-win_amd64.whl", hash = "sha256:0f048dcf80db46f0098ccac01132761580d28e28bc0f78ae0d58048063317e15"},
    {file = "cffi-1.17.1-cp311-cp311-macosx_10_9_x86_64.whl", hash = "sha256:a45e3c6913c5b87b3ff120dcdc03f6131fa0065027d0ed7ee6190736a74cd401"},
    {file = "cffi-1.17.1-cp311-cp311-macosx_11_0_arm64.whl", hash = "sha256:30c5e0cb5ae493c04c8b42916e52ca38079f1b235c2f8ae5f4527b963c401caf"},
    {file = "cffi-1.17.1-cp311-cp311-manylinux_2_12_i686.manylinux2010_i686.manylinux_2_17_i686.manylinux2014_i686.whl", hash = "sha256:f75c7ab1f9e4aca5414ed4d8e5c0e303a34f4421f8a0d47a4d019ceff0ab6af4"},
    {file = "cffi-1.17.1-cp311-cp311-manylinux_2_17_aarch64.manylinux2014_aarch64.whl", hash = "sha256:a1ed2dd2972641495a3ec98445e09766f077aee98a1c896dcb4ad0d303628e41"},
    {file = "cffi-1.17.1-cp311-cp311-manylinux_2_17_ppc64le.manylinux2014_ppc64le.whl", hash = "sha256:46bf43160c1a35f7ec506d254e5c890f3c03648a4dbac12d624e4490a7046cd1"},
    {file = "cffi-1.17.1-cp311-cp311-manylinux_2_17_s390x.manylinux2014_s390x.whl", hash = "sha256:a24ed04c8ffd54b0729c07cee15a81d964e6fee0e3d4d342a27b020d22959dc6"},
    {file = "cffi-1.17.1-cp311-cp311-manylinux_2_17_x86_64.manylinux2014_x86_64.whl", hash = "sha256:610faea79c43e44c71e1ec53a554553fa22321b65fae24889706c0a84d4ad86d"},
    {file = "cffi-1.17.1-cp311-cp311-musllinux_1_1_aarch64.whl", hash = "sha256:a9b15d491f3ad5d692e11f6b71f7857e7835eb677955c00cc0aefcd0669adaf6"},
    {file = "cffi-1.17.1-cp311-cp311-musllinux_1_1_i686.whl", hash = "sha256:de2ea4b5833625383e464549fec1bc395c1bdeeb5f25c4a3a82b5a8c756ec22f"},
    {file = "cffi-1.17.1-cp311-cp311-musllinux_1_1_x86_64.whl", hash = "sha256:fc48c783f9c87e60831201f2cce7f3b2e4846bf4d8728eabe54d60700b318a0b"},
    {file = "cffi-1.17.1-cp311-cp311-win32.whl", hash = "sha256:85a950a4ac9c359340d5963966e3e0a94a676bd6245a4b55bc43949eee26a655"},
    {file = "cffi-1.17.1-cp311-cp311-win_amd64.whl", hash = "sha256:caaf0640ef5f5517f49bc275eca1406b0ffa6aa184892812030f04c2abf589a0"},
    {file = "cffi-1.17.1-cp312-cp312-macosx_10_9_x86_64.whl", hash = "sha256:805b4371bf7197c329fcb3ead37e710d1bca9da5d583f5073b799d5c5bd1eee4"},
    {file = "cffi-1.17.1-cp312-cp312-macosx_11_0_arm64.whl", hash = "sha256:733e99bc2df47476e3848417c5a4540522f234dfd4ef3ab7fafdf555b082ec0c"},
    {file = "cffi-1.17.1-cp312-cp312-manylinux_2_12_i686.manylinux2010_i686.manylinux_2_17_i686.manylinux2014_i686.whl", hash = "sha256:1257bdabf294dceb59f5e70c64a3e2f462c30c7ad68092d01bbbfb1c16b1ba36"},
    {file = "cffi-1.17.1-cp312-cp312-manylinux_2_17_aarch64.manylinux2014_aarch64.whl", hash = "sha256:da95af8214998d77a98cc14e3a3bd00aa191526343078b530ceb0bd710fb48a5"},
    {file = "cffi-1.17.1-cp312-cp312-manylinux_2_17_ppc64le.manylinux2014_ppc64le.whl", hash = "sha256:d63afe322132c194cf832bfec0dc69a99fb9bb6bbd550f161a49e9e855cc78ff"},
    {file = "cffi-1.17.1-cp312-cp312-manylinux_2_17_s390x.manylinux2014_s390x.whl", hash = "sha256:f79fc4fc25f1c8698ff97788206bb3c2598949bfe0fef03d299eb1b5356ada99"},
    {file = "cffi-1.17.1-cp312-cp312-manylinux_2_17_x86_64.manylinux2014_x86_64.whl", hash = "sha256:b62ce867176a75d03a665bad002af8e6d54644fad99a3c70905c543130e39d93"},
    {file = "cffi-1.17.1-cp312-cp312-musllinux_1_1_aarch64.whl", hash = "sha256:386c8bf53c502fff58903061338ce4f4950cbdcb23e2902d86c0f722b786bbe3"},
    {file = "cffi-1.17.1-cp312-cp312-musllinux_1_1_x86_64.whl", hash = "sha256:4ceb10419a9adf4460ea14cfd6bc43d08701f0835e979bf821052f1805850fe8"},
    {file = "cffi-1.17.1-cp312-cp312-win32.whl", hash = "sha256:a08d7e755f8ed21095a310a693525137cfe756ce62d066e53f502a83dc550f65"},
    {file = "cffi-1.17.1-cp312-cp312-win_amd64.whl", hash = "sha256:51392eae71afec0d0c8fb1a53b204dbb3bcabcb3c9b807eedf3e1e6ccf2de903"},
    {file = "cffi-1.17.1-cp313-cp313-macosx_10_13_x86_64.whl", hash = "sha256:f3a2b4222ce6b60e2e8b337bb9596923045681d71e5a082783484d845390938e"},
    {file = "cffi-1.17.1-cp313-cp313-macosx_11_0_arm64.whl", hash = "sha256:0984a4925a435b1da406122d4d7968dd861c1385afe3b45ba82b750f229811e2"},
    {file = "cffi-1.17.1-cp313-cp313-manylinux_2_12_i686.manylinux2010_i686.manylinux_2_17_i686.manylinux2014_i686.whl", hash = "sha256:d01b12eeeb4427d3110de311e1774046ad344f5b1a7403101878976ecd7a10f3"},
    {file = "cffi-1.17.1-cp313-cp313-manylinux_2_17_aarch64.manylinux2014_aarch64.whl", hash = "sha256:706510fe141c86a69c8ddc029c7910003a17353970cff3b904ff0686a5927683"},
    {file = "cffi-1.17.1-cp313-cp313-manylinux_2_17_ppc64le.manylinux2014_ppc64le.whl", hash = "sha256:de55b766c7aa2e2a3092c51e0483d700341182f08e67c63630d5b6f200bb28e5"},
    {file = "cffi-1.17.1-cp313-cp313-manylinux_2_17_s390x.manylinux2014_s390x.whl", hash = "sha256:c59d6e989d07460165cc5ad3c61f9fd8f1b4796eacbd81cee78957842b834af4"},
    {file = "cffi-1.17.1-cp313-cp313-manylinux_2_17_x86_64.manylinux2014_x86_64.whl", hash = "sha256:dd398dbc6773384a17fe0d3e7eeb8d1a21c2200473ee6806bb5e6a8e62bb73dd"},
    {file = "cffi-1.17.1-cp313-cp313-musllinux_1_1_aarch64.whl", hash = "sha256:3edc8d958eb099c634dace3c7e16560ae474aa3803a5df240542b305d14e14ed"},
    {file = "cffi-1.17.1-cp313-cp313-musllinux_1_1_x86_64.whl", hash = "sha256:72e72408cad3d5419375fc87d289076ee319835bdfa2caad331e377589aebba9"},
    {file = "cffi-1.17.1-cp313-cp313-win32.whl", hash = "sha256:e03eab0a8677fa80d646b5ddece1cbeaf556c313dcfac435ba11f107ba117b5d"},
    {file = "cffi-1.17.1-cp313-cp313-win_amd64.whl", hash = "sha256:f6a16c31041f09ead72d69f583767292f750d24913dadacf5756b966aacb3f1a"},
    {file = "cffi-1.17.1-cp38-cp38-macosx_10_9_x86_64.whl", hash = "sha256:636062ea65bd0195bc012fea9321aca499c0504409f413dc88af450b57ffd03b"},
    {file = "cffi-1.17.1-cp38-cp38-manylinux_2_12_i686.manylinux2010_i686.manylinux_2_17_i686.manylinux2014_i686.whl", hash = "sha256:c7eac2ef9b63c79431bc4b25f1cd649d7f061a28808cbc6c47b534bd789ef964"},
    {file = "cffi-1.17.1-cp38-cp38-manylinux_2_17_aarch64.manylinux2014_aarch64.whl", hash = "sha256:e221cf152cff04059d011ee126477f0d9588303eb57e88923578ace7baad17f9"},
    {file = "cffi-1.17.1-cp38-cp38-manylinux_2_17_ppc64le.manylinux2014_ppc64le.whl", hash = "sha256:31000ec67d4221a71bd3f67df918b1f88f676f1c3b535a7eb473255fdc0b83fc"},
    {file = "cffi-1.17.1-cp38-cp38-manylinux_2_17_s390x.manylinux2014_s390x.whl", hash = "sha256:6f17be4345073b0a7b8ea599688f692ac3ef23ce28e5df79c04de519dbc4912c"},
    {file = "cffi-1.17.1-cp38-cp38-manylinux_2_17_x86_64.manylinux2014_x86_64.whl", hash = "sha256:0e2b1fac190ae3ebfe37b979cc1ce69c81f4e4fe5746bb401dca63a9062cdaf1"},
    {file = "cffi-1.17.1-cp38-cp38-win32.whl", hash = "sha256:7596d6620d3fa590f677e9ee430df2958d2d6d6de2feeae5b20e82c00b76fbf8"},
    {file = "cffi-1.17.1-cp38-cp38-win_amd64.whl", hash = "sha256:78122be759c3f8a014ce010908ae03364d00a1f81ab5c7f4a7a5120607ea56e1"},
    {file = "cffi-1.17.1-cp39-cp39-macosx_10_9_x86_64.whl", hash = "sha256:b2ab587605f4ba0bf81dc0cb08a41bd1c0a5906bd59243d56bad7668a6fc6c16"},
    {file = "cffi-1.17.1-cp39-cp39-macosx_11_0_arm64.whl", hash = "sha256:28b16024becceed8c6dfbc75629e27788d8a3f9030691a1dbf9821a128b22c36"},
    {file = "cffi-1.17.1-cp39-cp39-manylinux_2_12_i686.manylinux2010_i686.manylinux_2_17_i686.manylinux2014_i686.whl", hash = "sha256:1d599671f396c4723d016dbddb72fe8e0397082b0a77a4fab8028923bec050e8"},
    {file = "cffi-1.17.1-cp39-cp39-manylinux_2_17_aarch64.manylinux2014_aarch64.whl", hash = "sha256:ca74b8dbe6e8e8263c0ffd60277de77dcee6c837a3d0881d8c1ead7268c9e576"},
    {file = "cffi-1.17.1-cp39-cp39-manylinux_2_17_ppc64le.manylinux2014_ppc64le.whl", hash = "sha256:f7f5baafcc48261359e14bcd6d9bff6d4b28d9103847c9e136694cb0501aef87"},
    {file = "cffi-1.17.1-cp39-cp39-manylinux_2_17_s390x.manylinux2014_s390x.whl", hash = "sha256:98e3969bcff97cae1b2def8ba499ea3d6f31ddfdb7635374834cf89a1a08ecf0"},
    {file = "cffi-1.17.1-cp39-cp39-manylinux_2_17_x86_64.manylinux2014_x86_64.whl", hash = "sha256:cdf5ce3acdfd1661132f2a9c19cac174758dc2352bfe37d98aa7512c6b7178b3"},
    {file = "cffi-1.17.1-cp39-cp39-musllinux_1_1_aarch64.whl", hash = "sha256:9755e4345d1ec879e3849e62222a18c7174d65a6a92d5b346b1863912168b595"},
    {file = "cffi-1.17.1-cp39-cp39-musllinux_1_1_i686.whl", hash = "sha256:f1e22e8c4419538cb197e4dd60acc919d7696e5ef98ee4da4e01d3f8cfa4cc5a"},
    {file = "cffi-1.17.1-cp39-cp39-musllinux_1_1_x86_64.whl", hash = "sha256:c03e868a0b3bc35839ba98e74211ed2b05d2119be4e8a0f224fba9384f1fe02e"},
    {file = "cffi-1.17.1-cp39-cp39-win32.whl", hash = "sha256:e31ae45bc2e29f6b2abd0de1cc3b9d5205aa847cafaecb8af1476a609a2f6eb7"},
    {file = "cffi-1.17.1-cp39-cp39-win_amd64.whl", hash = "sha256:d016c76bdd850f3c626af19b0542c9677ba156e4ee4fccfdd7848803533ef662"},
    {file = "cffi-1.17.1.tar.gz", hash = "sha256:1c39c6016c32bc48dd54561950ebd6836e1670f2ae46128f67cf49e789c52824"},
]

[package.dependencies]
pycparser = "*"

[[package]]
name = "colorama"
version = "0.4.6"
description = "Cross-platform colored terminal text."
optional = false
python-versions = "!=3.0.*,!=3.1.*,!=3.2.*,!=3.3.*,!=3.4.*,!=3.5.*,!=3.6.*,>=2.7"
files = [
    {file = "colorama-0.4.6-py2.py3-none-any.whl", hash = "sha256:4f1d9991f5acc0ca119f9d443620b77f9d6b33703e51011c16baf57afb285fc6"},
    {file = "colorama-0.4.6.tar.gz", hash = "sha256:08695f5cb7ed6e0531a20572697297273c47b8cae5a63ffc6d6ed5c201be6e44"},
]

[[package]]
name = "dacite"
version = "1.8.1"
description = "Simple creation of data classes from dictionaries."
optional = false
python-versions = ">=3.6"
files = [
    {file = "dacite-1.8.1-py3-none-any.whl", hash = "sha256:cc31ad6fdea1f49962ea42db9421772afe01ac5442380d9a99fcf3d188c61afe"},
]

[package.extras]
dev = ["black", "coveralls", "mypy", "pre-commit", "pylint", "pytest (>=5)", "pytest-benchmark", "pytest-cov"]

[[package]]
name = "idna"
version = "3.10"
description = "Internationalized Domain Names in Applications (IDNA)"
optional = false
python-versions = ">=3.6"
files = [
    {file = "idna-3.10-py3-none-any.whl", hash = "sha256:946d195a0d259cbba61165e88e65941f16e9b36ea6ddb97f00452bae8b1287d3"},
    {file = "idna-3.10.tar.gz", hash = "sha256:12f65c9b470abda6dc35cf8e63cc574b1c52b11df2c86030af0ac09b01b13ea9"},
]

[package.extras]
all = ["flake8 (>=7.1.1)", "mypy (>=1.11.2)", "pytest (>=8.3.2)", "ruff (>=0.6.2)"]

[[package]]
name = "iniconfig"
version = "2.0.0"
description = "brain-dead simple config-ini parsing"
optional = false
python-versions = ">=3.7"
files = [
    {file = "iniconfig-2.0.0-py3-none-any.whl", hash = "sha256:b6a85871a79d2e3b22d2d1b94ac2824226a63c6b741c88f7ae975f18b6778374"},
    {file = "iniconfig-2.0.0.tar.gz", hash = "sha256:2d91e135bf72d31a410b17c16da610a82cb55f6b0477d1a902134b24a455b8b3"},
]

[[package]]
name = "markdown-it-py"
version = "3.0.0"
description = "Python port of markdown-it. Markdown parsing, done right!"
optional = false
python-versions = ">=3.8"
files = [
    {file = "markdown-it-py-3.0.0.tar.gz", hash = "sha256:e3f60a94fa066dc52ec76661e37c851cb232d92f9886b15cb560aaada2df8feb"},
    {file = "markdown_it_py-3.0.0-py3-none-any.whl", hash = "sha256:355216845c60bd96232cd8d8c40e8f9765cc86f46880e43a8fd22dc1a1a8cab1"},
]

[package.dependencies]
mdurl = ">=0.1,<1.0"

[package.extras]
benchmarking = ["psutil", "pytest", "pytest-benchmark"]
code-style = ["pre-commit (>=3.0,<4.0)"]
compare = ["commonmark (>=0.9,<1.0)", "markdown (>=3.4,<4.0)", "mistletoe (>=1.0,<2.0)", "mistune (>=2.0,<3.0)", "panflute (>=2.3,<3.0)"]
linkify = ["linkify-it-py (>=1,<3)"]
plugins = ["mdit-py-plugins"]
profiling = ["gprof2dot"]
rtd = ["jupyter_sphinx", "mdit-py-plugins", "myst-parser", "pyyaml", "sphinx", "sphinx-copybutton", "sphinx-design", "sphinx_book_theme"]
testing = ["coverage", "pytest", "pytest-cov", "pytest-regressions"]

[[package]]
name = "mdurl"
version = "0.1.2"
description = "Markdown URL utilities"
optional = false
python-versions = ">=3.7"
files = [
    {file = "mdurl-0.1.2-py3-none-any.whl", hash = "sha256:84008a41e51615a49fc9966191ff91509e3c40b939176e643fd50a5c2196b8f8"},
    {file = "mdurl-0.1.2.tar.gz", hash = "sha256:bb413d29f5eea38f31dd4754dd7377d4465116fb207585f97bf925588687c1ba"},
]

[[package]]
name = "outcome"
version = "1.3.0.post0"
description = "Capture the outcome of Python function calls."
optional = false
python-versions = ">=3.7"
files = [
    {file = "outcome-1.3.0.post0-py2.py3-none-any.whl", hash = "sha256:e771c5ce06d1415e356078d3bdd68523f284b4ce5419828922b6871e65eda82b"},
    {file = "outcome-1.3.0.post0.tar.gz", hash = "sha256:9dcf02e65f2971b80047b377468e72a268e15c0af3cf1238e6ff14f7f91143b8"},
]

[package.dependencies]
attrs = ">=19.2.0"

[[package]]
name = "packaging"
version = "24.2"
description = "Core utilities for Python packages"
optional = false
python-versions = ">=3.8"
files = [
    {file = "packaging-24.2-py3-none-any.whl", hash = "sha256:09abb1bccd265c01f4a3aa3f7a7db064b36514d2cba19a2f694fe6150451a759"},
    {file = "packaging-24.2.tar.gz", hash = "sha256:c228a6dc5e932d346bc5739379109d49e8853dd8223571c7c5b55260edc0b97f"},
]

[[package]]
name = "pendulum"
version = "3.0.0"
description = "Python datetimes made easy"
optional = false
python-versions = ">=3.8"
files = [
    {file = "pendulum-3.0.0-cp310-cp310-macosx_10_12_x86_64.whl", hash = "sha256:2cf9e53ef11668e07f73190c805dbdf07a1939c3298b78d5a9203a86775d1bfd"},
    {file = "pendulum-3.0.0-cp310-cp310-macosx_11_0_arm64.whl", hash = "sha256:fb551b9b5e6059377889d2d878d940fd0bbb80ae4810543db18e6f77b02c5ef6"},
    {file = "pendulum-3.0.0-cp310-cp310-manylinux_2_17_aarch64.manylinux2014_aarch64.whl", hash = "sha256:6c58227ac260d5b01fc1025176d7b31858c9f62595737f350d22124a9a3ad82d"},
    {file = "pendulum-3.0.0-cp310-cp310-manylinux_2_17_ppc64le.manylinux2014_ppc64le.whl", hash = "sha256:60fb6f415fea93a11c52578eaa10594568a6716602be8430b167eb0d730f3332"},
    {file = "pendulum-3.0.0-cp310-cp310-manylinux_2_17_s390x.manylinux2014_s390x.whl", hash = "sha256:b69f6b4dbcb86f2c2fe696ba991e67347bcf87fe601362a1aba6431454b46bde"},
    {file = "pendulum-3.0.0-cp310-cp310-manylinux_2_17_x86_64.manylinux2014_x86_64.whl", hash = "sha256:138afa9c373ee450ede206db5a5e9004fd3011b3c6bbe1e57015395cd076a09f"},
    {file = "pendulum-3.0.0-cp310-cp310-musllinux_1_1_aarch64.whl", hash = "sha256:83d9031f39c6da9677164241fd0d37fbfc9dc8ade7043b5d6d62f56e81af8ad2"},
    {file = "pendulum-3.0.0-cp310-cp310-musllinux_1_1_x86_64.whl", hash = "sha256:0c2308af4033fa534f089595bcd40a95a39988ce4059ccd3dc6acb9ef14ca44a"},
    {file = "pendulum-3.0.0-cp310-none-win_amd64.whl", hash = "sha256:9a59637cdb8462bdf2dbcb9d389518c0263799189d773ad5c11db6b13064fa79"},
    {file = "pendulum-3.0.0-cp311-cp311-macosx_10_12_x86_64.whl", hash = "sha256:3725245c0352c95d6ca297193192020d1b0c0f83d5ee6bb09964edc2b5a2d508"},
    {file = "pendulum-3.0.0-cp311-cp311-macosx_11_0_arm64.whl", hash = "sha256:6c035f03a3e565ed132927e2c1b691de0dbf4eb53b02a5a3c5a97e1a64e17bec"},
    {file = "pendulum-3.0.0-cp311-cp311-manylinux_2_17_aarch64.manylinux2014_aarch64.whl", hash = "sha256:597e66e63cbd68dd6d58ac46cb7a92363d2088d37ccde2dae4332ef23e95cd00"},
    {file = "pendulum-3.0.0-cp311-cp311-manylinux_2_17_ppc64le.manylinux2014_ppc64le.whl", hash = "sha256:99a0f8172e19f3f0c0e4ace0ad1595134d5243cf75985dc2233e8f9e8de263ca"},
    {file = "pendulum-3.0.0-cp311-cp311-manylinux_2_17_s390x.manylinux2014_s390x.whl", hash = "sha256:77d8839e20f54706aed425bec82a83b4aec74db07f26acd039905d1237a5e1d4"},
    {file = "pendulum-3.0.0-cp311-cp311-manylinux_2_17_x86_64.manylinux2014_x86_64.whl", hash = "sha256:afde30e8146292b059020fbc8b6f8fd4a60ae7c5e6f0afef937bbb24880bdf01"},
    {file = "pendulum-3.0.0-cp311-cp311-musllinux_1_1_aarch64.whl", hash = "sha256:660434a6fcf6303c4efd36713ca9212c753140107ee169a3fc6c49c4711c2a05"},
    {file = "pendulum-3.0.0-cp311-cp311-musllinux_1_1_x86_64.whl", hash = "sha256:dee9e5a48c6999dc1106eb7eea3e3a50e98a50651b72c08a87ee2154e544b33e"},
    {file = "pendulum-3.0.0-cp311-none-win_amd64.whl", hash = "sha256:d4cdecde90aec2d67cebe4042fd2a87a4441cc02152ed7ed8fb3ebb110b94ec4"},
    {file = "pendulum-3.0.0-cp311-none-win_arm64.whl", hash = "sha256:773c3bc4ddda2dda9f1b9d51fe06762f9200f3293d75c4660c19b2614b991d83"},
    {file = "pendulum-3.0.0-cp312-cp312-macosx_10_12_x86_64.whl", hash = "sha256:409e64e41418c49f973d43a28afe5df1df4f1dd87c41c7c90f1a63f61ae0f1f7"},
    {file = "pendulum-3.0.0-cp312-cp312-macosx_11_0_arm64.whl", hash = "sha256:a38ad2121c5ec7c4c190c7334e789c3b4624798859156b138fcc4d92295835dc"},
    {file = "pendulum-3.0.0-cp312-cp312-manylinux_2_17_aarch64.manylinux2014_aarch64.whl", hash = "sha256:fde4d0b2024b9785f66b7f30ed59281bd60d63d9213cda0eb0910ead777f6d37"},
    {file = "pendulum-3.0.0-cp312-cp312-manylinux_2_17_ppc64le.manylinux2014_ppc64le.whl", hash = "sha256:4b2c5675769fb6d4c11238132962939b960fcb365436b6d623c5864287faa319"},
    {file = "pendulum-3.0.0-cp312-cp312-manylinux_2_17_s390x.manylinux2014_s390x.whl", hash = "sha256:8af95e03e066826f0f4c65811cbee1b3123d4a45a1c3a2b4fc23c4b0dff893b5"},
    {file = "pendulum-3.0.0-cp312-cp312-manylinux_2_17_x86_64.manylinux2014_x86_64.whl", hash = "sha256:2165a8f33cb15e06c67070b8afc87a62b85c5a273e3aaa6bc9d15c93a4920d6f"},
    {file = "pendulum-3.0.0-cp312-cp312-musllinux_1_1_aarch64.whl", hash = "sha256:ad5e65b874b5e56bd942546ea7ba9dd1d6a25121db1c517700f1c9de91b28518"},
    {file = "pendulum-3.0.0-cp312-cp312-musllinux_1_1_x86_64.whl", hash = "sha256:17fe4b2c844bbf5f0ece69cfd959fa02957c61317b2161763950d88fed8e13b9"},
    {file = "pendulum-3.0.0-cp312-none-win_amd64.whl", hash = "sha256:78f8f4e7efe5066aca24a7a57511b9c2119f5c2b5eb81c46ff9222ce11e0a7a5"},
    {file = "pendulum-3.0.0-cp312-none-win_arm64.whl", hash = "sha256:28f49d8d1e32aae9c284a90b6bb3873eee15ec6e1d9042edd611b22a94ac462f"},
    {file = "pendulum-3.0.0-cp37-cp37m-macosx_10_12_x86_64.whl", hash = "sha256:d4e2512f4e1a4670284a153b214db9719eb5d14ac55ada5b76cbdb8c5c00399d"},
    {file = "pendulum-3.0.0-cp37-cp37m-macosx_11_0_arm64.whl", hash = "sha256:3d897eb50883cc58d9b92f6405245f84b9286cd2de6e8694cb9ea5cb15195a32"},
    {file = "pendulum-3.0.0-cp37-cp37m-manylinux_2_17_aarch64.manylinux2014_aarch64.whl", hash = "sha256:2e169cc2ca419517f397811bbe4589cf3cd13fca6dc38bb352ba15ea90739ebb"},
    {file = "pendulum-3.0.0-cp37-cp37m-manylinux_2_17_ppc64le.manylinux2014_ppc64le.whl", hash = "sha256:f17c3084a4524ebefd9255513692f7e7360e23c8853dc6f10c64cc184e1217ab"},
    {file = "pendulum-3.0.0-cp37-cp37m-manylinux_2_17_s390x.manylinux2014_s390x.whl", hash = "sha256:826d6e258052715f64d05ae0fc9040c0151e6a87aae7c109ba9a0ed930ce4000"},
    {file = "pendulum-3.0.0-cp37-cp37m-manylinux_2_17_x86_64.manylinux2014_x86_64.whl", hash = "sha256:d2aae97087872ef152a0c40e06100b3665d8cb86b59bc8471ca7c26132fccd0f"},
    {file = "pendulum-3.0.0-cp37-cp37m-musllinux_1_1_aarch64.whl", hash = "sha256:ac65eeec2250d03106b5e81284ad47f0d417ca299a45e89ccc69e36130ca8bc7"},
    {file = "pendulum-3.0.0-cp37-cp37m-musllinux_1_1_x86_64.whl", hash = "sha256:a5346d08f3f4a6e9e672187faa179c7bf9227897081d7121866358af369f44f9"},
    {file = "pendulum-3.0.0-cp37-none-win_amd64.whl", hash = "sha256:235d64e87946d8f95c796af34818c76e0f88c94d624c268693c85b723b698aa9"},
    {file = "pendulum-3.0.0-cp38-cp38-macosx_10_12_x86_64.whl", hash = "sha256:6a881d9c2a7f85bc9adafcfe671df5207f51f5715ae61f5d838b77a1356e8b7b"},
    {file = "pendulum-3.0.0-cp38-cp38-macosx_11_0_arm64.whl", hash = "sha256:d7762d2076b9b1cb718a6631ad6c16c23fc3fac76cbb8c454e81e80be98daa34"},
    {file = "pendulum-3.0.0-cp38-cp38-manylinux_2_17_aarch64.manylinux2014_aarch64.whl", hash = "sha256:4e8e36a8130819d97a479a0e7bf379b66b3b1b520e5dc46bd7eb14634338df8c"},
    {file = "pendulum-3.0.0-cp38-cp38-manylinux_2_17_ppc64le.manylinux2014_ppc64le.whl", hash = "sha256:7dc843253ac373358ffc0711960e2dd5b94ab67530a3e204d85c6e8cb2c5fa10"},
    {file = "pendulum-3.0.0-cp38-cp38-manylinux_2_17_s390x.manylinux2014_s390x.whl", hash = "sha256:0a78ad3635d609ceb1e97d6aedef6a6a6f93433ddb2312888e668365908c7120"},
    {file = "pendulum-3.0.0-cp38-cp38-manylinux_2_17_x86_64.manylinux2014_x86_64.whl", hash = "sha256:b30a137e9e0d1f751e60e67d11fc67781a572db76b2296f7b4d44554761049d6"},
    {file = "pendulum-3.0.0-cp38-cp38-musllinux_1_1_aarch64.whl", hash = "sha256:c95984037987f4a457bb760455d9ca80467be792236b69d0084f228a8ada0162"},
    {file = "pendulum-3.0.0-cp38-cp38-musllinux_1_1_x86_64.whl", hash = "sha256:d29c6e578fe0f893766c0d286adbf0b3c726a4e2341eba0917ec79c50274ec16"},
    {file = "pendulum-3.0.0-cp38-none-win_amd64.whl", hash = "sha256:deaba8e16dbfcb3d7a6b5fabdd5a38b7c982809567479987b9c89572df62e027"},
    {file = "pendulum-3.0.0-cp39-cp39-macosx_10_12_x86_64.whl", hash = "sha256:b11aceea5b20b4b5382962b321dbc354af0defe35daa84e9ff3aae3c230df694"},
    {file = "pendulum-3.0.0-cp39-cp39-macosx_11_0_arm64.whl", hash = "sha256:a90d4d504e82ad236afac9adca4d6a19e4865f717034fc69bafb112c320dcc8f"},
    {file = "pendulum-3.0.0-cp39-cp39-manylinux_2_17_aarch64.manylinux2014_aarch64.whl", hash = "sha256:825799c6b66e3734227756fa746cc34b3549c48693325b8b9f823cb7d21b19ac"},
    {file = "pendulum-3.0.0-cp39-cp39-manylinux_2_17_ppc64le.manylinux2014_ppc64le.whl", hash = "sha256:ad769e98dc07972e24afe0cff8d365cb6f0ebc7e65620aa1976fcfbcadc4c6f3"},
    {file = "pendulum-3.0.0-cp39-cp39-manylinux_2_17_s390x.manylinux2014_s390x.whl", hash = "sha256:a6fc26907eb5fb8cc6188cc620bc2075a6c534d981a2f045daa5f79dfe50d512"},
    {file = "pendulum-3.0.0-cp39-cp39-manylinux_2_17_x86_64.manylinux2014_x86_64.whl", hash = "sha256:0c717eab1b6d898c00a3e0fa7781d615b5c5136bbd40abe82be100bb06df7a56"},
    {file = "pendulum-3.0.0-cp39-cp39-musllinux_1_1_aarch64.whl", hash = "sha256:3ddd1d66d1a714ce43acfe337190be055cdc221d911fc886d5a3aae28e14b76d"},
    {file = "pendulum-3.0.0-cp39-cp39-musllinux_1_1_x86_64.whl", hash = "sha256:822172853d7a9cf6da95d7b66a16c7160cb99ae6df55d44373888181d7a06edc"},
    {file = "pendulum-3.0.0-cp39-none-win_amd64.whl", hash = "sha256:840de1b49cf1ec54c225a2a6f4f0784d50bd47f68e41dc005b7f67c7d5b5f3ae"},
    {file = "pendulum-3.0.0-pp310-pypy310_pp73-macosx_10_12_x86_64.whl", hash = "sha256:3b1f74d1e6ffe5d01d6023870e2ce5c2191486928823196f8575dcc786e107b1"},
    {file = "pendulum-3.0.0-pp310-pypy310_pp73-macosx_11_0_arm64.whl", hash = "sha256:729e9f93756a2cdfa77d0fc82068346e9731c7e884097160603872686e570f07"},
    {file = "pendulum-3.0.0-pp310-pypy310_pp73-manylinux_2_17_aarch64.manylinux2014_aarch64.whl", hash = "sha256:e586acc0b450cd21cbf0db6bae386237011b75260a3adceddc4be15334689a9a"},
    {file = "pendulum-3.0.0-pp310-pypy310_pp73-manylinux_2_17_x86_64.manylinux2014_x86_64.whl", hash = "sha256:22e7944ffc1f0099a79ff468ee9630c73f8c7835cd76fdb57ef7320e6a409df4"},
    {file = "pendulum-3.0.0-pp310-pypy310_pp73-musllinux_1_1_aarch64.whl", hash = "sha256:fa30af36bd8e50686846bdace37cf6707bdd044e5cb6e1109acbad3277232e04"},
    {file = "pendulum-3.0.0-pp310-pypy310_pp73-musllinux_1_1_x86_64.whl", hash = "sha256:440215347b11914ae707981b9a57ab9c7b6983ab0babde07063c6ee75c0dc6e7"},
    {file = "pendulum-3.0.0-pp310-pypy310_pp73-win_amd64.whl", hash = "sha256:314c4038dc5e6a52991570f50edb2f08c339debdf8cea68ac355b32c4174e820"},
    {file = "pendulum-3.0.0-pp37-pypy37_pp73-macosx_10_12_x86_64.whl", hash = "sha256:5acb1d386337415f74f4d1955c4ce8d0201978c162927d07df8eb0692b2d8533"},
    {file = "pendulum-3.0.0-pp37-pypy37_pp73-manylinux_2_17_aarch64.manylinux2014_aarch64.whl", hash = "sha256:a789e12fbdefaffb7b8ac67f9d8f22ba17a3050ceaaa635cd1cc4645773a4b1e"},
    {file = "pendulum-3.0.0-pp37-pypy37_pp73-manylinux_2_17_x86_64.manylinux2014_x86_64.whl", hash = "sha256:860aa9b8a888e5913bd70d819306749e5eb488e6b99cd6c47beb701b22bdecf5"},
    {file = "pendulum-3.0.0-pp37-pypy37_pp73-musllinux_1_1_aarch64.whl", hash = "sha256:5ebc65ea033ef0281368217fbf59f5cb05b338ac4dd23d60959c7afcd79a60a0"},
    {file = "pendulum-3.0.0-pp37-pypy37_pp73-musllinux_1_1_x86_64.whl", hash = "sha256:d9fef18ab0386ef6a9ac7bad7e43ded42c83ff7ad412f950633854f90d59afa8"},
    {file = "pendulum-3.0.0-pp38-pypy38_pp73-macosx_10_12_x86_64.whl", hash = "sha256:1c134ba2f0571d0b68b83f6972e2307a55a5a849e7dac8505c715c531d2a8795"},
    {file = "pendulum-3.0.0-pp38-pypy38_pp73-macosx_11_0_arm64.whl", hash = "sha256:385680812e7e18af200bb9b4a49777418c32422d05ad5a8eb85144c4a285907b"},
    {file = "pendulum-3.0.0-pp38-pypy38_pp73-manylinux_2_17_aarch64.manylinux2014_aarch64.whl", hash = "sha256:9eec91cd87c59fb32ec49eb722f375bd58f4be790cae11c1b70fac3ee4f00da0"},
    {file = "pendulum-3.0.0-pp38-pypy38_pp73-manylinux_2_17_x86_64.manylinux2014_x86_64.whl", hash = "sha256:4386bffeca23c4b69ad50a36211f75b35a4deb6210bdca112ac3043deb7e494a"},
    {file = "pendulum-3.0.0-pp38-pypy38_pp73-musllinux_1_1_aarch64.whl", hash = "sha256:dfbcf1661d7146d7698da4b86e7f04814221081e9fe154183e34f4c5f5fa3bf8"},
    {file = "pendulum-3.0.0-pp38-pypy38_pp73-musllinux_1_1_x86_64.whl", hash = "sha256:04a1094a5aa1daa34a6b57c865b25f691848c61583fb22722a4df5699f6bf74c"},
    {file = "pendulum-3.0.0-pp38-pypy38_pp73-win_amd64.whl", hash = "sha256:5b0ec85b9045bd49dd3a3493a5e7ddfd31c36a2a60da387c419fa04abcaecb23"},
    {file = "pendulum-3.0.0-pp39-pypy39_pp73-macosx_10_12_x86_64.whl", hash = "sha256:0a15b90129765b705eb2039062a6daf4d22c4e28d1a54fa260892e8c3ae6e157"},
    {file = "pendulum-3.0.0-pp39-pypy39_pp73-macosx_11_0_arm64.whl", hash = "sha256:bb8f6d7acd67a67d6fedd361ad2958ff0539445ef51cbe8cd288db4306503cd0"},
    {file = "pendulum-3.0.0-pp39-pypy39_pp73-manylinux_2_17_aarch64.manylinux2014_aarch64.whl", hash = "sha256:fd69b15374bef7e4b4440612915315cc42e8575fcda2a3d7586a0d88192d0c88"},
    {file = "pendulum-3.0.0-pp39-pypy39_pp73-manylinux_2_17_x86_64.manylinux2014_x86_64.whl", hash = "sha256:dc00f8110db6898360c53c812872662e077eaf9c75515d53ecc65d886eec209a"},
    {file = "pendulum-3.0.0-pp39-pypy39_pp73-musllinux_1_1_aarch64.whl", hash = "sha256:83a44e8b40655d0ba565a5c3d1365d27e3e6778ae2a05b69124db9e471255c4a"},
    {file = "pendulum-3.0.0-pp39-pypy39_pp73-musllinux_1_1_x86_64.whl", hash = "sha256:1a3604e9fbc06b788041b2a8b78f75c243021e0f512447806a6d37ee5214905d"},
    {file = "pendulum-3.0.0-pp39-pypy39_pp73-win_amd64.whl", hash = "sha256:92c307ae7accebd06cbae4729f0ba9fa724df5f7d91a0964b1b972a22baa482b"},
    {file = "pendulum-3.0.0.tar.gz", hash = "sha256:5d034998dea404ec31fae27af6b22cff1708f830a1ed7353be4d1019bb9f584e"},
]

[package.dependencies]
python-dateutil = ">=2.6"
tzdata = ">=2020.1"

[package.extras]
test = ["time-machine (>=2.6.0)"]

[[package]]
name = "pluggy"
version = "1.5.0"
description = "plugin and hook calling mechanisms for python"
optional = false
python-versions = ">=3.8"
files = [
    {file = "pluggy-1.5.0-py3-none-any.whl", hash = "sha256:44e1ad92c8ca002de6377e165f3e0f1be63266ab4d554740532335b9d75ea669"},
    {file = "pluggy-1.5.0.tar.gz", hash = "sha256:2cffa88e94fdc978c4c574f15f9e59b7f4201d439195c3715ca9e2486f1d0cf1"},
]

[package.extras]
dev = ["pre-commit", "tox"]
testing = ["pytest", "pytest-benchmark"]

[[package]]
name = "pycparser"
version = "2.22"
description = "C parser in Python"
optional = false
python-versions = ">=3.8"
files = [
    {file = "pycparser-2.22-py3-none-any.whl", hash = "sha256:c3702b6d3dd8c7abc1afa565d7e63d53a1d0bd86cdc24edd75470f4de499cfcc"},
    {file = "pycparser-2.22.tar.gz", hash = "sha256:491c8be9c040f5390f5bf44a5b07752bd07f56edf992381b05c701439eec10f6"},
]

[[package]]
name = "pygments"
version = "2.18.0"
description = "Pygments is a syntax highlighting package written in Python."
optional = false
python-versions = ">=3.8"
files = [
    {file = "pygments-2.18.0-py3-none-any.whl", hash = "sha256:b8e6aca0523f3ab76fee51799c488e38782ac06eafcf95e7ba832985c8e7b13a"},
    {file = "pygments-2.18.0.tar.gz", hash = "sha256:786ff802f32e91311bff3889f6e9a86e81505fe99f2735bb6d60ae0c5004f199"},
]

[package.extras]
windows-terminal = ["colorama (>=0.4.6)"]

[[package]]
name = "pytest"
version = "8.3.3"
description = "pytest: simple powerful testing with Python"
optional = false
python-versions = ">=3.8"
files = [
    {file = "pytest-8.3.3-py3-none-any.whl", hash = "sha256:a6853c7375b2663155079443d2e45de913a911a11d669df02a50814944db57b2"},
    {file = "pytest-8.3.3.tar.gz", hash = "sha256:70b98107bd648308a7952b06e6ca9a50bc660be218d53c257cc1fc94fda10181"},
]

[package.dependencies]
colorama = {version = "*", markers = "sys_platform == \"win32\""}
iniconfig = "*"
packaging = "*"
pluggy = ">=1.5,<2"

[package.extras]
dev = ["argcomplete", "attrs (>=19.2)", "hypothesis (>=3.56)", "mock", "pygments (>=2.7.2)", "requests", "setuptools", "xmlschema"]

[[package]]
name = "python-dateutil"
version = "2.9.0.post0"
description = "Extensions to the standard Python datetime module"
optional = false
python-versions = "!=3.0.*,!=3.1.*,!=3.2.*,>=2.7"
files = [
    {file = "python-dateutil-2.9.0.post0.tar.gz", hash = "sha256:37dd54208da7e1cd875388217d5e00ebd4179249f90fb72437e91a35459a0ad3"},
    {file = "python_dateutil-2.9.0.post0-py2.py3-none-any.whl", hash = "sha256:a8b2bc7bffae282281c8140a97d3aa9c14da0b136dfe83f850eea9a5f7470427"},
]

[package.dependencies]
six = ">=1.5"

[[package]]
name = "rich"
version = "13.9.4"
description = "Render rich text, tables, progress bars, syntax highlighting, markdown and more to the terminal"
optional = false
python-versions = ">=3.8.0"
files = [
    {file = "rich-13.9.4-py3-none-any.whl", hash = "sha256:6049d5e6ec054bf2779ab3358186963bac2ea89175919d699e378b99738c2a90"},
    {file = "rich-13.9.4.tar.gz", hash = "sha256:439594978a49a09530cff7ebc4b5c7103ef57baf48d5ea3184f21d9a2befa098"},
]

[package.dependencies]
markdown-it-py = ">=2.2.0"
pygments = ">=2.13.0,<3.0.0"

[package.extras]
jupyter = ["ipywidgets (>=7.5.1,<9)"]

[[package]]
name = "six"
version = "1.16.0"
description = "Python 2 and 3 compatibility utilities"
optional = false
python-versions = ">=2.7, !=3.0.*, !=3.1.*, !=3.2.*"
files = [
    {file = "six-1.16.0-py2.py3-none-any.whl", hash = "sha256:8abb2f1d86890a2dfb989f9a77cfcfd3e47c2a354b01111771326f8aa26e0254"},
    {file = "six-1.16.0.tar.gz", hash = "sha256:1e61c37477a1626458e36f7b1d82aa5c9b094fa4802892072e49de9c60c4c926"},
]

[[package]]
name = "sniffio"
version = "1.3.1"
description = "Sniff out which async library your code is running under"
optional = false
python-versions = ">=3.7"
files = [
    {file = "sniffio-1.3.1-py3-none-any.whl", hash = "sha256:2f6da418d1f1e0fddd844478f41680e794e6051915791a034ff65e5f100525a2"},
    {file = "sniffio-1.3.1.tar.gz", hash = "sha256:f4324edc670a0f49750a81b895f35c3adb843cca46f0530f79fc1babb23789dc"},
]

[[package]]
name = "sortedcontainers"
version = "2.4.0"
description = "Sorted Containers -- Sorted List, Sorted Dict, Sorted Set"
optional = false
python-versions = "*"
files = [
    {file = "sortedcontainers-2.4.0-py2.py3-none-any.whl", hash = "sha256:a163dcaede0f1c021485e957a39245190e74249897e2ae4b2aa38595db237ee0"},
    {file = "sortedcontainers-2.4.0.tar.gz", hash = "sha256:25caa5a06cc30b6b83d11423433f65d1f9d76c4c6a0c90e3379eaa43b9bfdb88"},
]

[[package]]
name = "structlog"
version = "24.4.0"
description = "Structured Logging for Python"
optional = false
python-versions = ">=3.8"
files = [
    {file = "structlog-24.4.0-py3-none-any.whl", hash = "sha256:597f61e80a91cc0749a9fd2a098ed76715a1c8a01f73e336b746504d1aad7610"},
    {file = "structlog-24.4.0.tar.gz", hash = "sha256:b27bfecede327a6d2da5fbc96bd859f114ecc398a6389d664f62085ee7ae6fc4"},
]

[package.extras]
dev = ["freezegun (>=0.2.8)", "mypy (>=1.4)", "pretend", "pytest (>=6.0)", "pytest-asyncio (>=0.17)", "rich", "simplejson", "twisted"]
docs = ["cogapp", "furo", "myst-parser", "sphinx", "sphinx-notfound-page", "sphinxcontrib-mermaid", "sphinxext-opengraph", "twisted"]
tests = ["freezegun (>=0.2.8)", "pretend", "pytest (>=6.0)", "pytest-asyncio (>=0.17)", "simplejson"]
typing = ["mypy (>=1.4)", "rich", "twisted"]

[[package]]
name = "trio"
version = "0.27.0"
description = "A friendly Python library for async concurrency and I/O"
optional = false
python-versions = ">=3.8"
files = [
    {file = "trio-0.27.0-py3-none-any.whl", hash = "sha256:68eabbcf8f457d925df62da780eff15ff5dc68fd6b367e2dde59f7aaf2a0b884"},
    {file = "trio-0.27.0.tar.gz", hash = "sha256:1dcc95ab1726b2da054afea8fd761af74bad79bd52381b84eae408e983c76831"},
]

[package.dependencies]
attrs = ">=23.2.0"
cffi = {version = ">=1.14", markers = "os_name == \"nt\" and implementation_name != \"pypy\""}
idna = "*"
outcome = "*"
sniffio = ">=1.3.0"
sortedcontainers = "*"

[[package]]
name = "tzdata"
version = "2024.2"
description = "Provider of IANA time zone data"
optional = false
python-versions = ">=2"
files = [
    {file = "tzdata-2024.2-py2.py3-none-any.whl", hash = "sha256:a48093786cdcde33cad18c2555e8532f34422074448fbc874186f0abd79565cd"},
    {file = "tzdata-2024.2.tar.gz", hash = "sha256:7d85cc416e9382e69095b7bdf4afd9e3880418a2413feec7069d533d6b4e31cc"},
]

[[package]]
name = "xdg-base-dirs"
version = "6.0.2"
description = "Variables defined by the XDG Base Directory Specification"
optional = false
python-versions = "<4.0,>=3.10"
files = [
    {file = "xdg_base_dirs-6.0.2-py3-none-any.whl", hash = "sha256:3c01d1b758ed4ace150ac960ac0bd13ce4542b9e2cdf01312dcda5012cfebabe"},
    {file = "xdg_base_dirs-6.0.2.tar.gz", hash = "sha256:950504e14d27cf3c9cb37744680a43bf0ac42efefc4ef4acf98dc736cab2bced"},
]

[metadata]
lock-version = "2.0"
python-versions = "^3.12"
content-hash = "f064ed0929a57b36dd74fafdce89998be2ae26d61c35ee5b7fd3ef32ca8f76b2"
